
Microsoft Visual Studio Solution File, Format Version 12.00
# Visual Studio Version 16
VisualStudioVersion = 16.0.29201.188
MinimumVisualStudioVersion = 10.0.40219.1
Project("{9A19103F-16F7-4668-BE54-9A1E7A4F7556}") = "Speed.Data", "Speed.Data\Speed.Data.csproj", "{E9D58E90-D9B9-45F4-92CD-2E8248BC2DF5}"
EndProject
Project("{2150E333-8FDC-42A3-9474-1A3956D46DE8}") = "Providers", "Providers", "{3BB033AF-04CE-4F0F-9733-40318A28BF48}"
EndProject
Project("{9A19103F-16F7-4668-BE54-9A1E7A4F7556}") = "Speed.SqlServer", "Providers\Speed.SqlServer\Speed.SqlServer.csproj", "{5A7534E2-B3CF-42AE-B6C5-17711A39850E}"
EndProject
Project("{9A19103F-16F7-4668-BE54-9A1E7A4F7556}") = "Speed.MySql", "Providers\Speed.MySql\Speed.MySql.csproj", "{BA8DEB93-BB62-4992-88A1-F9B51C02BD55}"
EndProject
Project("{9A19103F-16F7-4668-BE54-9A1E7A4F7556}") = "Speed.Oracle", "Providers\Speed.Oracle\Speed.Oracle.csproj", "{E0FDFB5A-F239-43CA-A709-4774FC15D7C4}"
EndProject
Project("{2150E333-8FDC-42A3-9474-1A3956D46DE8}") = "Windows", "Windows", "{7922EFC8-4766-478F-ADEA-1C84125141FC}"
EndProject
Project("{FAE04EC0-301F-11D3-BF4B-00C04F79EFBC}") = "Speed", "Speed\Speed.csproj", "{B80D59E3-31A6-4602-89B0-0237A1F2456F}"
EndProject
Project("{FAE04EC0-301F-11D3-BF4B-00C04F79EFBC}") = "Speed.UI", "Speed.UI\Speed.UI.csproj", "{0D080C5F-FE0D-4737-B346-A77D5E14192A}"
EndProject
Project("{FAE04EC0-301F-11D3-BF4B-00C04F79EFBC}") = "Speed.Windows", "Speed.Windows\Speed.Windows.csproj", "{7479AF82-8966-411A-A29C-134E11759809}"
EndProject
Global
	GlobalSection(SolutionConfigurationPlatforms) = preSolution
		Debug|Any CPU = Debug|Any CPU
		Debug|x64 = Debug|x64
		Debug|x86 = Debug|x86
		Internal|Any CPU = Internal|Any CPU
		Internal|x64 = Internal|x64
		Internal|x86 = Internal|x86
		Release|Any CPU = Release|Any CPU
		Release|x64 = Release|x64
		Release|x86 = Release|x86
	EndGlobalSection
	GlobalSection(ProjectConfigurationPlatforms) = postSolution
		{E9D58E90-D9B9-45F4-92CD-2E8248BC2DF5}.Debug|Any CPU.ActiveCfg = Debug|Any CPU
		{E9D58E90-D9B9-45F4-92CD-2E8248BC2DF5}.Debug|Any CPU.Build.0 = Debug|Any CPU
		{E9D58E90-D9B9-45F4-92CD-2E8248BC2DF5}.Debug|x64.ActiveCfg = Debug|Any CPU
		{E9D58E90-D9B9-45F4-92CD-2E8248BC2DF5}.Debug|x64.Build.0 = Debug|Any CPU
		{E9D58E90-D9B9-45F4-92CD-2E8248BC2DF5}.Debug|x86.ActiveCfg = Debug|Any CPU
		{E9D58E90-D9B9-45F4-92CD-2E8248BC2DF5}.Debug|x86.Build.0 = Debug|Any CPU
		{E9D58E90-D9B9-45F4-92CD-2E8248BC2DF5}.Internal|Any CPU.ActiveCfg = Release|Any CPU
		{E9D58E90-D9B9-45F4-92CD-2E8248BC2DF5}.Internal|Any CPU.Build.0 = Release|Any CPU
		{E9D58E90-D9B9-45F4-92CD-2E8248BC2DF5}.Internal|x64.ActiveCfg = Release|Any CPU
		{E9D58E90-D9B9-45F4-92CD-2E8248BC2DF5}.Internal|x64.Build.0 = Release|Any CPU
		{E9D58E90-D9B9-45F4-92CD-2E8248BC2DF5}.Internal|x86.ActiveCfg = Release|Any CPU
		{E9D58E90-D9B9-45F4-92CD-2E8248BC2DF5}.Internal|x86.Build.0 = Release|Any CPU
		{E9D58E90-D9B9-45F4-92CD-2E8248BC2DF5}.Release|Any CPU.ActiveCfg = Release|Any CPU
		{E9D58E90-D9B9-45F4-92CD-2E8248BC2DF5}.Release|Any CPU.Build.0 = Release|Any CPU
		{E9D58E90-D9B9-45F4-92CD-2E8248BC2DF5}.Release|x64.ActiveCfg = Release|Any CPU
		{E9D58E90-D9B9-45F4-92CD-2E8248BC2DF5}.Release|x64.Build.0 = Release|Any CPU
		{E9D58E90-D9B9-45F4-92CD-2E8248BC2DF5}.Release|x86.ActiveCfg = Release|Any CPU
		{E9D58E90-D9B9-45F4-92CD-2E8248BC2DF5}.Release|x86.Build.0 = Release|Any CPU
		{5A7534E2-B3CF-42AE-B6C5-17711A39850E}.Debug|Any CPU.ActiveCfg = Debug|Any CPU
		{5A7534E2-B3CF-42AE-B6C5-17711A39850E}.Debug|Any CPU.Build.0 = Debug|Any CPU
		{5A7534E2-B3CF-42AE-B6C5-17711A39850E}.Debug|x64.ActiveCfg = Debug|Any CPU
		{5A7534E2-B3CF-42AE-B6C5-17711A39850E}.Debug|x64.Build.0 = Debug|Any CPU
		{5A7534E2-B3CF-42AE-B6C5-17711A39850E}.Debug|x86.ActiveCfg = Debug|Any CPU
		{5A7534E2-B3CF-42AE-B6C5-17711A39850E}.Debug|x86.Build.0 = Debug|Any CPU
		{5A7534E2-B3CF-42AE-B6C5-17711A39850E}.Internal|Any CPU.ActiveCfg = Release|Any CPU
		{5A7534E2-B3CF-42AE-B6C5-17711A39850E}.Internal|Any CPU.Build.0 = Release|Any CPU
		{5A7534E2-B3CF-42AE-B6C5-17711A39850E}.Internal|x64.ActiveCfg = Release|Any CPU
		{5A7534E2-B3CF-42AE-B6C5-17711A39850E}.Internal|x64.Build.0 = Release|Any CPU
		{5A7534E2-B3CF-42AE-B6C5-17711A39850E}.Internal|x86.ActiveCfg = Release|Any CPU
		{5A7534E2-B3CF-42AE-B6C5-17711A39850E}.Internal|x86.Build.0 = Release|Any CPU
		{5A7534E2-B3CF-42AE-B6C5-17711A39850E}.Release|Any CPU.ActiveCfg = Release|Any CPU
		{5A7534E2-B3CF-42AE-B6C5-17711A39850E}.Release|Any CPU.Build.0 = Release|Any CPU
		{5A7534E2-B3CF-42AE-B6C5-17711A39850E}.Release|x64.ActiveCfg = Release|Any CPU
		{5A7534E2-B3CF-42AE-B6C5-17711A39850E}.Release|x64.Build.0 = Release|Any CPU
		{5A7534E2-B3CF-42AE-B6C5-17711A39850E}.Release|x86.ActiveCfg = Release|Any CPU
		{5A7534E2-B3CF-42AE-B6C5-17711A39850E}.Release|x86.Build.0 = Release|Any CPU
		{BA8DEB93-BB62-4992-88A1-F9B51C02BD55}.Debug|Any CPU.ActiveCfg = Debug|Any CPU
		{BA8DEB93-BB62-4992-88A1-F9B51C02BD55}.Debug|Any CPU.Build.0 = Debug|Any CPU
		{BA8DEB93-BB62-4992-88A1-F9B51C02BD55}.Debug|x64.ActiveCfg = Debug|Any CPU
		{BA8DEB93-BB62-4992-88A1-F9B51C02BD55}.Debug|x86.ActiveCfg = Debug|Any CPU
		{BA8DEB93-BB62-4992-88A1-F9B51C02BD55}.Internal|Any CPU.ActiveCfg = Release|Any CPU
		{BA8DEB93-BB62-4992-88A1-F9B51C02BD55}.Internal|x64.ActiveCfg = Release|Any CPU
		{BA8DEB93-BB62-4992-88A1-F9B51C02BD55}.Internal|x86.ActiveCfg = Release|Any CPU
		{BA8DEB93-BB62-4992-88A1-F9B51C02BD55}.Release|Any CPU.ActiveCfg = Release|Any CPU
		{BA8DEB93-BB62-4992-88A1-F9B51C02BD55}.Release|Any CPU.Build.0 = Release|Any CPU
		{BA8DEB93-BB62-4992-88A1-F9B51C02BD55}.Release|x64.ActiveCfg = Release|Any CPU
		{BA8DEB93-BB62-4992-88A1-F9B51C02BD55}.Release|x86.ActiveCfg = Release|Any CPU
		{E0FDFB5A-F239-43CA-A709-4774FC15D7C4}.Debug|Any CPU.ActiveCfg = Debug|Any CPU
		{E0FDFB5A-F239-43CA-A709-4774FC15D7C4}.Debug|Any CPU.Build.0 = Debug|Any CPU
		{E0FDFB5A-F239-43CA-A709-4774FC15D7C4}.Debug|x64.ActiveCfg = Debug|Any CPU
		{E0FDFB5A-F239-43CA-A709-4774FC15D7C4}.Debug|x64.Build.0 = Debug|Any CPU
		{E0FDFB5A-F239-43CA-A709-4774FC15D7C4}.Debug|x86.ActiveCfg = Debug|Any CPU
		{E0FDFB5A-F239-43CA-A709-4774FC15D7C4}.Debug|x86.Build.0 = Debug|Any CPU
		{E0FDFB5A-F239-43CA-A709-4774FC15D7C4}.Internal|Any CPU.ActiveCfg = Release|Any CPU
		{E0FDFB5A-F239-43CA-A709-4774FC15D7C4}.Internal|Any CPU.Build.0 = Release|Any CPU
		{E0FDFB5A-F239-43CA-A709-4774FC15D7C4}.Internal|x64.ActiveCfg = Release|Any CPU
		{E0FDFB5A-F239-43CA-A709-4774FC15D7C4}.Internal|x64.Build.0 = Release|Any CPU
		{E0FDFB5A-F239-43CA-A709-4774FC15D7C4}.Internal|x86.ActiveCfg = Release|Any CPU
		{E0FDFB5A-F239-43CA-A709-4774FC15D7C4}.Internal|x86.Build.0 = Release|Any CPU
		{E0FDFB5A-F239-43CA-A709-4774FC15D7C4}.Release|Any CPU.ActiveCfg = Release|Any CPU
		{E0FDFB5A-F239-43CA-A709-4774FC15D7C4}.Release|Any CPU.Build.0 = Release|Any CPU
		{E0FDFB5A-F239-43CA-A709-4774FC15D7C4}.Release|x64.ActiveCfg = Release|Any CPU
		{E0FDFB5A-F239-43CA-A709-4774FC15D7C4}.Release|x64.Build.0 = Release|Any CPU
		{E0FDFB5A-F239-43CA-A709-4774FC15D7C4}.Release|x86.ActiveCfg = Release|Any CPU
		{E0FDFB5A-F239-43CA-A709-4774FC15D7C4}.Release|x86.Build.0 = Release|Any CPU
		{B80D59E3-31A6-4602-89B0-0237A1F2456F}.Debug|Any CPU.ActiveCfg = Debug|Any CPU
		{B80D59E3-31A6-4602-89B0-0237A1F2456F}.Debug|Any CPU.Build.0 = Debug|Any CPU
		{B80D59E3-31A6-4602-89B0-0237A1F2456F}.Debug|x64.ActiveCfg = Debug|x64
		{B80D59E3-31A6-4602-89B0-0237A1F2456F}.Debug|x64.Build.0 = Debug|x64
		{B80D59E3-31A6-4602-89B0-0237A1F2456F}.Debug|x86.ActiveCfg = Debug|x86
		{B80D59E3-31A6-4602-89B0-0237A1F2456F}.Debug|x86.Build.0 = Debug|x86
		{B80D59E3-31A6-4602-89B0-0237A1F2456F}.Internal|Any CPU.ActiveCfg = Internal|Any CPU
		{B80D59E3-31A6-4602-89B0-0237A1F2456F}.Internal|Any CPU.Build.0 = Internal|Any CPU
		{B80D59E3-31A6-4602-89B0-0237A1F2456F}.Internal|x64.ActiveCfg = Internal|x64
		{B80D59E3-31A6-4602-89B0-0237A1F2456F}.Internal|x64.Build.0 = Internal|x64
		{B80D59E3-31A6-4602-89B0-0237A1F2456F}.Internal|x86.ActiveCfg = Internal|x86
		{B80D59E3-31A6-4602-89B0-0237A1F2456F}.Internal|x86.Build.0 = Internal|x86
		{B80D59E3-31A6-4602-89B0-0237A1F2456F}.Release|Any CPU.ActiveCfg = Release|Any CPU
		{B80D59E3-31A6-4602-89B0-0237A1F2456F}.Release|Any CPU.Build.0 = Release|Any CPU
		{B80D59E3-31A6-4602-89B0-0237A1F2456F}.Release|x64.ActiveCfg = Release|x64
		{B80D59E3-31A6-4602-89B0-0237A1F2456F}.Release|x64.Build.0 = Release|x64
		{B80D59E3-31A6-4602-89B0-0237A1F2456F}.Release|x86.ActiveCfg = Release|x86
		{B80D59E3-31A6-4602-89B0-0237A1F2456F}.Release|x86.Build.0 = Release|x86
		{0D080C5F-FE0D-4737-B346-A77D5E14192A}.Debug|Any CPU.ActiveCfg = Debug|Any CPU
		{0D080C5F-FE0D-4737-B346-A77D5E14192A}.Debug|Any CPU.Build.0 = Debug|Any CPU
		{0D080C5F-FE0D-4737-B346-A77D5E14192A}.Debug|x64.ActiveCfg = Debug|x64
		{0D080C5F-FE0D-4737-B346-A77D5E14192A}.Debug|x64.Build.0 = Debug|x64
		{0D080C5F-FE0D-4737-B346-A77D5E14192A}.Debug|x86.ActiveCfg = Debug|x86
		{0D080C5F-FE0D-4737-B346-A77D5E14192A}.Debug|x86.Build.0 = Debug|x86
		{0D080C5F-FE0D-4737-B346-A77D5E14192A}.Internal|Any CPU.ActiveCfg = Internal|Any CPU
		{0D080C5F-FE0D-4737-B346-A77D5E14192A}.Internal|Any CPU.Build.0 = Internal|Any CPU
		{0D080C5F-FE0D-4737-B346-A77D5E14192A}.Internal|x64.ActiveCfg = Internal|x64
		{0D080C5F-FE0D-4737-B346-A77D5E14192A}.Internal|x64.Build.0 = Internal|x64
		{0D080C5F-FE0D-4737-B346-A77D5E14192A}.Internal|x86.ActiveCfg = Internal|x86
		{0D080C5F-FE0D-4737-B346-A77D5E14192A}.Internal|x86.Build.0 = Internal|x86
		{0D080C5F-FE0D-4737-B346-A77D5E14192A}.Release|Any CPU.ActiveCfg = Release|Any CPU
		{0D080C5F-FE0D-4737-B346-A77D5E14192A}.Release|Any CPU.Build.0 = Release|Any CPU
		{0D080C5F-FE0D-4737-B346-A77D5E14192A}.Release|x64.ActiveCfg = Release|x64
		{0D080C5F-FE0D-4737-B346-A77D5E14192A}.Release|x64.Build.0 = Release|x64
		{0D080C5F-FE0D-4737-B346-A77D5E14192A}.Release|x86.ActiveCfg = Release|x86
		{0D080C5F-FE0D-4737-B346-A77D5E14192A}.Release|x86.Build.0 = Release|x86
		{7479AF82-8966-411A-A29C-134E11759809}.Debug|Any CPU.ActiveCfg = Debug|Any CPU
		{7479AF82-8966-411A-A29C-134E11759809}.Debug|Any CPU.Build.0 = Debug|Any CPU
		{7479AF82-8966-411A-A29C-134E11759809}.Debug|x64.ActiveCfg = Debug|x64
		{7479AF82-8966-411A-A29C-134E11759809}.Debug|x64.Build.0 = Debug|x64
		{7479AF82-8966-411A-A29C-134E11759809}.Debug|x86.ActiveCfg = Debug|x86
		{7479AF82-8966-411A-A29C-134E11759809}.Debug|x86.Build.0 = Debug|x86
		{7479AF82-8966-411A-A29C-134E11759809}.Internal|Any CPU.ActiveCfg = Internal|Any CPU
		{7479AF82-8966-411A-A29C-134E11759809}.Internal|Any CPU.Build.0 = Internal|Any CPU
		{7479AF82-8966-411A-A29C-134E11759809}.Internal|x64.ActiveCfg = Internal|x64
		{7479AF82-8966-411A-A29C-134E11759809}.Internal|x64.Build.0 = Internal|x64
		{7479AF82-8966-411A-A29C-134E11759809}.Internal|x86.ActiveCfg = Internal|x86
		{7479AF82-8966-411A-A29C-134E11759809}.Internal|x86.Build.0 = Internal|x86
		{7479AF82-8966-411A-A29C-134E11759809}.Release|Any CPU.ActiveCfg = Release|Any CPU
		{7479AF82-8966-411A-A29C-134E11759809}.Release|Any CPU.Build.0 = Release|Any CPU
		{7479AF82-8966-411A-A29C-134E11759809}.Release|x64.ActiveCfg = Release|x64
		{7479AF82-8966-411A-A29C-134E11759809}.Release|x64.Build.0 = Release|x64
		{7479AF82-8966-411A-A29C-134E11759809}.Release|x86.ActiveCfg = Release|x86
		{7479AF82-8966-411A-A29C-134E11759809}.Release|x86.Build.0 = Release|x86
	EndGlobalSection
	GlobalSection(SolutionProperties) = preSolution
		HideSolutionNode = FALSE
	EndGlobalSection
	GlobalSection(NestedProjects) = preSolution
		{5A7534E2-B3CF-42AE-B6C5-17711A39850E} = {3BB033AF-04CE-4F0F-9733-40318A28BF48}
		{BA8DEB93-BB62-4992-88A1-F9B51C02BD55} = {3BB033AF-04CE-4F0F-9733-40318A28BF48}
		{E0FDFB5A-F239-43CA-A709-4774FC15D7C4} = {3BB033AF-04CE-4F0F-9733-40318A28BF48}
		{B80D59E3-31A6-4602-89B0-0237A1F2456F} = {7922EFC8-4766-478F-ADEA-1C84125141FC}
		{0D080C5F-FE0D-4737-B346-A77D5E14192A} = {7922EFC8-4766-478F-ADEA-1C84125141FC}
		{7479AF82-8966-411A-A29C-134E11759809} = {7922EFC8-4766-478F-ADEA-1C84125141FC}
	EndGlobalSection
	GlobalSection(ExtensibilityGlobals) = postSolution
		SolutionGuid = {D6DCD025-E50A-4F54-A35D-4EDB43624AB7}
	EndGlobalSection
EndGlobal
