
Microsoft Visual Studio Solution File, Format Version 12.00
# Visual Studio Version 17
VisualStudioVersion = 17.1.32228.430
MinimumVisualStudioVersion = 10.0.40219.1
Project("{9A19103F-16F7-4668-BE54-9A1E7A4F7556}") = "Speed.Data", "Speed.Data\Speed.Data.csproj", "{E9D58E90-D9B9-45F4-92CD-2E8248BC2DF5}"
EndProject
Project("{2150E333-8FDC-42A3-9474-1A3956D46DE8}") = "Providers", "Providers", "{3BB033AF-04CE-4F0F-9733-40318A28BF48}"
EndProject
Project("{9A19103F-16F7-4668-BE54-9A1E7A4F7556}") = "Speed.SqlServer", "Providers\Speed.SqlServer\Speed.SqlServer.csproj", "{5A7534E2-B3CF-42AE-B6C5-17711A39850E}"
EndProject
Project("{9A19103F-16F7-4668-BE54-9A1E7A4F7556}") = "Speed.MySql", "Providers\Speed.MySql\Speed.MySql.csproj", "{BA8DEB93-BB62-4992-88A1-F9B51C02BD55}"
EndProject
Project("{9A19103F-16F7-4668-BE54-9A1E7A4F7556}") = "Speed.Oracle", "Providers\Speed.Oracle\Speed.Oracle.csproj", "{E0FDFB5A-F239-43CA-A709-4774FC15D7C4}"
EndProject
Project("{2150E333-8FDC-42A3-9474-1A3956D46DE8}") = "Windows", "Windows", "{7922EFC8-4766-478F-ADEA-1C84125141FC}"
EndProject
Project("{FAE04EC0-301F-11D3-BF4B-00C04F79EFBC}") = "Speed", "Speed\Speed.csproj", "{B80D59E3-31A6-4602-89B0-0237A1F2456F}"
EndProject
Project("{FAE04EC0-301F-11D3-BF4B-00C04F79EFBC}") = "Speed.UI", "Speed.UI\Speed.UI.csproj", "{0D080C5F-FE0D-4737-B346-A77D5E14192A}"
EndProject
Project("{FAE04EC0-301F-11D3-BF4B-00C04F79EFBC}") = "Speed.Windows", "Speed.Windows\Speed.Windows.csproj", "{7479AF82-8966-411A-A29C-134E11759809}"
EndProject
Project("{2150E333-8FDC-42A3-9474-1A3956D46DE8}") = "_Solution Files", "_Solution Files", "{E88D5748-DA87-4E9A-8235-C4525D462387}"
	ProjectSection(SolutionItems) = preProject
		Speed.pfx = Speed.pfx
	EndProjectSection
EndProject
Project("{2150E333-8FDC-42A3-9474-1A3956D46DE8}") = "Testes", "Testes", "{A044B614-44C4-4C49-98CA-EB4FB6DB7C63}"
EndProject
Project("{9A19103F-16F7-4668-BE54-9A1E7A4F7556}") = "TestOracle", "Testes\TestOracle\TestOracle.csproj", "{3B236235-1660-4215-B1BA-ACC4130EDCBD}"
EndProject
Project("{FAE04EC0-301F-11D3-BF4B-00C04F79EFBC}") = "TesteOracle4", "Testes\TesteOracle4\TesteOracle4.csproj", "{84C76B2D-72B8-4659-915C-D55E59648280}"
EndProject
Project("{FAE04EC0-301F-11D3-BF4B-00C04F79EFBC}") = "TesteSqlServer4", "Testes\TesteSqlServer4\TesteSqlServer4.csproj", "{9FB83BE2-8877-46AA-AEB2-B39C7A015598}"
EndProject
Project("{FAE04EC0-301F-11D3-BF4B-00C04F79EFBC}") = "TestWeb4", "Testes\TestWeb4\TestWeb4.csproj", "{F3507E58-E72D-4FAE-9622-4E4F4F92C514}"
EndProject
Project("{2150E333-8FDC-42A3-9474-1A3956D46DE8}") = "MyApp", "MyApp", "{CF545C8D-BCB3-4F85-9104-2D03C862B2E7}"
EndProject
Project("{9A19103F-16F7-4668-BE54-9A1E7A4F7556}") = "MyApp.Entity", "Testes\MyApp\MyApp.Entity\MyApp.Entity.csproj", "{310C76E6-7AFE-45D9-8085-60E6FAF7FEB3}"
EndProject
Project("{9A19103F-16F7-4668-BE54-9A1E7A4F7556}") = "MyApp.BLL", "Testes\MyApp\MyApp.BLL\MyApp.BLL.csproj", "{6CFE0A79-CC60-4561-A88E-8ACCBB3C5E2D}"
EndProject
Project("{9A19103F-16F7-4668-BE54-9A1E7A4F7556}") = "MyApp", "Testes\MyApp\MyApp\MyApp.csproj", "{AA18D77E-E620-47E9-8C46-69ABD632E3CA}"
EndProject
Project("{9A19103F-16F7-4668-BE54-9A1E7A4F7556}") = "SetDates", "SetDates\SetDates.csproj", "{B167BBF4-223C-4864-8594-823B18217007}"
EndProject
Project("{9A19103F-16F7-4668-BE54-9A1E7A4F7556}") = "Speed.Access", "Providers\Speed.Access\Speed.Access.csproj", "{869BF91E-5489-438F-B32C-E33C04D815D0}"
EndProject
Project("{9A19103F-16F7-4668-BE54-9A1E7A4F7556}") = "Speed.PostgreSQL", "Providers\Speed.PostgreSQL\Speed.PostgreSQL.csproj", "{1EEDC3F6-715A-4255-B488-7F693FEE92C3}"
EndProject
Project("{9A19103F-16F7-4668-BE54-9A1E7A4F7556}") = "TesteSqlServer", "Testes\TesteSqlServer\TesteSqlServer.csproj", "{3C9E6E3A-B32F-4515-B839-004627FC0A10}"
EndProject
Project("{9A19103F-16F7-4668-BE54-9A1E7A4F7556}") = "Speed.OleDb", "Providers\Speed.OleDb\Speed.OleDb.csproj", "{73C2C50F-7842-4AD9-9D3B-8CB25744C7D7}"
EndProject
Project("{9A19103F-16F7-4668-BE54-9A1E7A4F7556}") = "Speed.Odbc", "Providers\Speed.Odbc\Speed.Odbc.csproj", "{8A9D3505-6A3E-48ED-BF77-C15FDC7E0694}"
EndProject
Project("{9A19103F-16F7-4668-BE54-9A1E7A4F7556}") = "Speed.Firebird", "Providers\Speed.Firebird\Speed.Firebird.csproj", "{D1EA0EB5-6EB0-46BB-99F9-6DCC69D3CD47}"
EndProject
Project("{9A19103F-16F7-4668-BE54-9A1E7A4F7556}") = "Speed.MariaDb", "Providers\Speed.MariaDB\Speed.MariaDb.csproj", "{FD02E596-C6D0-4D20-8775-8BBC4169ED16}"
EndProject
Global
	GlobalSection(SolutionConfigurationPlatforms) = preSolution
		Debug|Any CPU = Debug|Any CPU
		Debug|x64 = Debug|x64
		Debug|x86 = Debug|x86
		Internal|Any CPU = Internal|Any CPU
		Internal|x64 = Internal|x64
		Internal|x86 = Internal|x86
		Release|Any CPU = Release|Any CPU
		Release|x64 = Release|x64
		Release|x86 = Release|x86
	EndGlobalSection
	GlobalSection(ProjectConfigurationPlatforms) = postSolution
		{E9D58E90-D9B9-45F4-92CD-2E8248BC2DF5}.Debug|Any CPU.ActiveCfg = Debug|Any CPU
		{E9D58E90-D9B9-45F4-92CD-2E8248BC2DF5}.Debug|Any CPU.Build.0 = Debug|Any CPU
		{E9D58E90-D9B9-45F4-92CD-2E8248BC2DF5}.Debug|x64.ActiveCfg = Debug|Any CPU
		{E9D58E90-D9B9-45F4-92CD-2E8248BC2DF5}.Debug|x64.Build.0 = Debug|Any CPU
		{E9D58E90-D9B9-45F4-92CD-2E8248BC2DF5}.Debug|x86.ActiveCfg = Debug|Any CPU
		{E9D58E90-D9B9-45F4-92CD-2E8248BC2DF5}.Debug|x86.Build.0 = Debug|Any CPU
		{E9D58E90-D9B9-45F4-92CD-2E8248BC2DF5}.Internal|Any CPU.ActiveCfg = Release|Any CPU
		{E9D58E90-D9B9-45F4-92CD-2E8248BC2DF5}.Internal|Any CPU.Build.0 = Release|Any CPU
		{E9D58E90-D9B9-45F4-92CD-2E8248BC2DF5}.Internal|x64.ActiveCfg = Release|Any CPU
		{E9D58E90-D9B9-45F4-92CD-2E8248BC2DF5}.Internal|x64.Build.0 = Release|Any CPU
		{E9D58E90-D9B9-45F4-92CD-2E8248BC2DF5}.Internal|x86.ActiveCfg = Release|Any CPU
		{E9D58E90-D9B9-45F4-92CD-2E8248BC2DF5}.Internal|x86.Build.0 = Release|Any CPU
		{E9D58E90-D9B9-45F4-92CD-2E8248BC2DF5}.Release|Any CPU.ActiveCfg = Release|Any CPU
		{E9D58E90-D9B9-45F4-92CD-2E8248BC2DF5}.Release|Any CPU.Build.0 = Release|Any CPU
		{E9D58E90-D9B9-45F4-92CD-2E8248BC2DF5}.Release|x64.ActiveCfg = Release|Any CPU
		{E9D58E90-D9B9-45F4-92CD-2E8248BC2DF5}.Release|x64.Build.0 = Release|Any CPU
		{E9D58E90-D9B9-45F4-92CD-2E8248BC2DF5}.Release|x86.ActiveCfg = Release|Any CPU
		{E9D58E90-D9B9-45F4-92CD-2E8248BC2DF5}.Release|x86.Build.0 = Release|Any CPU
		{5A7534E2-B3CF-42AE-B6C5-17711A39850E}.Debug|Any CPU.ActiveCfg = Debug|Any CPU
		{5A7534E2-B3CF-42AE-B6C5-17711A39850E}.Debug|Any CPU.Build.0 = Debug|Any CPU
		{5A7534E2-B3CF-42AE-B6C5-17711A39850E}.Debug|x64.ActiveCfg = Debug|Any CPU
		{5A7534E2-B3CF-42AE-B6C5-17711A39850E}.Debug|x64.Build.0 = Debug|Any CPU
		{5A7534E2-B3CF-42AE-B6C5-17711A39850E}.Debug|x86.ActiveCfg = Debug|Any CPU
		{5A7534E2-B3CF-42AE-B6C5-17711A39850E}.Debug|x86.Build.0 = Debug|Any CPU
		{5A7534E2-B3CF-42AE-B6C5-17711A39850E}.Internal|Any CPU.ActiveCfg = Release|Any CPU
		{5A7534E2-B3CF-42AE-B6C5-17711A39850E}.Internal|Any CPU.Build.0 = Release|Any CPU
		{5A7534E2-B3CF-42AE-B6C5-17711A39850E}.Internal|x64.ActiveCfg = Release|Any CPU
		{5A7534E2-B3CF-42AE-B6C5-17711A39850E}.Internal|x64.Build.0 = Release|Any CPU
		{5A7534E2-B3CF-42AE-B6C5-17711A39850E}.Internal|x86.ActiveCfg = Release|Any CPU
		{5A7534E2-B3CF-42AE-B6C5-17711A39850E}.Internal|x86.Build.0 = Release|Any CPU
		{5A7534E2-B3CF-42AE-B6C5-17711A39850E}.Release|Any CPU.ActiveCfg = Release|Any CPU
		{5A7534E2-B3CF-42AE-B6C5-17711A39850E}.Release|Any CPU.Build.0 = Release|Any CPU
		{5A7534E2-B3CF-42AE-B6C5-17711A39850E}.Release|x64.ActiveCfg = Release|Any CPU
		{5A7534E2-B3CF-42AE-B6C5-17711A39850E}.Release|x64.Build.0 = Release|Any CPU
		{5A7534E2-B3CF-42AE-B6C5-17711A39850E}.Release|x86.ActiveCfg = Release|Any CPU
		{5A7534E2-B3CF-42AE-B6C5-17711A39850E}.Release|x86.Build.0 = Release|Any CPU
		{BA8DEB93-BB62-4992-88A1-F9B51C02BD55}.Debug|Any CPU.ActiveCfg = Debug|Any CPU
		{BA8DEB93-BB62-4992-88A1-F9B51C02BD55}.Debug|Any CPU.Build.0 = Debug|Any CPU
		{BA8DEB93-BB62-4992-88A1-F9B51C02BD55}.Debug|x64.ActiveCfg = Debug|Any CPU
		{BA8DEB93-BB62-4992-88A1-F9B51C02BD55}.Debug|x86.ActiveCfg = Debug|Any CPU
		{BA8DEB93-BB62-4992-88A1-F9B51C02BD55}.Internal|Any CPU.ActiveCfg = Release|Any CPU
		{BA8DEB93-BB62-4992-88A1-F9B51C02BD55}.Internal|x64.ActiveCfg = Release|Any CPU
		{BA8DEB93-BB62-4992-88A1-F9B51C02BD55}.Internal|x86.ActiveCfg = Release|Any CPU
		{BA8DEB93-BB62-4992-88A1-F9B51C02BD55}.Release|Any CPU.ActiveCfg = Release|Any CPU
		{BA8DEB93-BB62-4992-88A1-F9B51C02BD55}.Release|Any CPU.Build.0 = Release|Any CPU
		{BA8DEB93-BB62-4992-88A1-F9B51C02BD55}.Release|x64.ActiveCfg = Release|Any CPU
		{BA8DEB93-BB62-4992-88A1-F9B51C02BD55}.Release|x86.ActiveCfg = Release|Any CPU
		{E0FDFB5A-F239-43CA-A709-4774FC15D7C4}.Debug|Any CPU.ActiveCfg = Debug|Any CPU
		{E0FDFB5A-F239-43CA-A709-4774FC15D7C4}.Debug|Any CPU.Build.0 = Debug|Any CPU
		{E0FDFB5A-F239-43CA-A709-4774FC15D7C4}.Debug|x64.ActiveCfg = Debug|Any CPU
		{E0FDFB5A-F239-43CA-A709-4774FC15D7C4}.Debug|x64.Build.0 = Debug|Any CPU
		{E0FDFB5A-F239-43CA-A709-4774FC15D7C4}.Debug|x86.ActiveCfg = Debug|Any CPU
		{E0FDFB5A-F239-43CA-A709-4774FC15D7C4}.Debug|x86.Build.0 = Debug|Any CPU
		{E0FDFB5A-F239-43CA-A709-4774FC15D7C4}.Internal|Any CPU.ActiveCfg = Release|Any CPU
		{E0FDFB5A-F239-43CA-A709-4774FC15D7C4}.Internal|Any CPU.Build.0 = Release|Any CPU
		{E0FDFB5A-F239-43CA-A709-4774FC15D7C4}.Internal|x64.ActiveCfg = Release|Any CPU
		{E0FDFB5A-F239-43CA-A709-4774FC15D7C4}.Internal|x64.Build.0 = Release|Any CPU
		{E0FDFB5A-F239-43CA-A709-4774FC15D7C4}.Internal|x86.ActiveCfg = Release|Any CPU
		{E0FDFB5A-F239-43CA-A709-4774FC15D7C4}.Internal|x86.Build.0 = Release|Any CPU
		{E0FDFB5A-F239-43CA-A709-4774FC15D7C4}.Release|Any CPU.ActiveCfg = Release|Any CPU
		{E0FDFB5A-F239-43CA-A709-4774FC15D7C4}.Release|Any CPU.Build.0 = Release|Any CPU
		{E0FDFB5A-F239-43CA-A709-4774FC15D7C4}.Release|x64.ActiveCfg = Release|Any CPU
		{E0FDFB5A-F239-43CA-A709-4774FC15D7C4}.Release|x64.Build.0 = Release|Any CPU
		{E0FDFB5A-F239-43CA-A709-4774FC15D7C4}.Release|x86.ActiveCfg = Release|Any CPU
		{E0FDFB5A-F239-43CA-A709-4774FC15D7C4}.Release|x86.Build.0 = Release|Any CPU
		{B80D59E3-31A6-4602-89B0-0237A1F2456F}.Debug|Any CPU.ActiveCfg = Debug|Any CPU
		{B80D59E3-31A6-4602-89B0-0237A1F2456F}.Debug|Any CPU.Build.0 = Debug|Any CPU
		{B80D59E3-31A6-4602-89B0-0237A1F2456F}.Debug|x64.ActiveCfg = Debug|x64
		{B80D59E3-31A6-4602-89B0-0237A1F2456F}.Debug|x64.Build.0 = Debug|x64
		{B80D59E3-31A6-4602-89B0-0237A1F2456F}.Debug|x86.ActiveCfg = Debug|x86
		{B80D59E3-31A6-4602-89B0-0237A1F2456F}.Debug|x86.Build.0 = Debug|x86
		{B80D59E3-31A6-4602-89B0-0237A1F2456F}.Internal|Any CPU.ActiveCfg = Internal|Any CPU
		{B80D59E3-31A6-4602-89B0-0237A1F2456F}.Internal|Any CPU.Build.0 = Internal|Any CPU
		{B80D59E3-31A6-4602-89B0-0237A1F2456F}.Internal|x64.ActiveCfg = Internal|x64
		{B80D59E3-31A6-4602-89B0-0237A1F2456F}.Internal|x64.Build.0 = Internal|x64
		{B80D59E3-31A6-4602-89B0-0237A1F2456F}.Internal|x86.ActiveCfg = Internal|x86
		{B80D59E3-31A6-4602-89B0-0237A1F2456F}.Internal|x86.Build.0 = Internal|x86
		{B80D59E3-31A6-4602-89B0-0237A1F2456F}.Release|Any CPU.ActiveCfg = Release|Any CPU
		{B80D59E3-31A6-4602-89B0-0237A1F2456F}.Release|Any CPU.Build.0 = Release|Any CPU
		{B80D59E3-31A6-4602-89B0-0237A1F2456F}.Release|x64.ActiveCfg = Release|x64
		{B80D59E3-31A6-4602-89B0-0237A1F2456F}.Release|x64.Build.0 = Release|x64
		{B80D59E3-31A6-4602-89B0-0237A1F2456F}.Release|x86.ActiveCfg = Release|x86
		{B80D59E3-31A6-4602-89B0-0237A1F2456F}.Release|x86.Build.0 = Release|x86
		{0D080C5F-FE0D-4737-B346-A77D5E14192A}.Debug|Any CPU.ActiveCfg = Debug|Any CPU
		{0D080C5F-FE0D-4737-B346-A77D5E14192A}.Debug|Any CPU.Build.0 = Debug|Any CPU
		{0D080C5F-FE0D-4737-B346-A77D5E14192A}.Debug|x64.ActiveCfg = Debug|x64
		{0D080C5F-FE0D-4737-B346-A77D5E14192A}.Debug|x64.Build.0 = Debug|x64
		{0D080C5F-FE0D-4737-B346-A77D5E14192A}.Debug|x86.ActiveCfg = Debug|x86
		{0D080C5F-FE0D-4737-B346-A77D5E14192A}.Debug|x86.Build.0 = Debug|x86
		{0D080C5F-FE0D-4737-B346-A77D5E14192A}.Internal|Any CPU.ActiveCfg = Internal|Any CPU
		{0D080C5F-FE0D-4737-B346-A77D5E14192A}.Internal|Any CPU.Build.0 = Internal|Any CPU
		{0D080C5F-FE0D-4737-B346-A77D5E14192A}.Internal|x64.ActiveCfg = Internal|x64
		{0D080C5F-FE0D-4737-B346-A77D5E14192A}.Internal|x64.Build.0 = Internal|x64
		{0D080C5F-FE0D-4737-B346-A77D5E14192A}.Internal|x86.ActiveCfg = Internal|x86
		{0D080C5F-FE0D-4737-B346-A77D5E14192A}.Internal|x86.Build.0 = Internal|x86
		{0D080C5F-FE0D-4737-B346-A77D5E14192A}.Release|Any CPU.ActiveCfg = Release|Any CPU
		{0D080C5F-FE0D-4737-B346-A77D5E14192A}.Release|Any CPU.Build.0 = Release|Any CPU
		{0D080C5F-FE0D-4737-B346-A77D5E14192A}.Release|x64.ActiveCfg = Release|x64
		{0D080C5F-FE0D-4737-B346-A77D5E14192A}.Release|x64.Build.0 = Release|x64
		{0D080C5F-FE0D-4737-B346-A77D5E14192A}.Release|x86.ActiveCfg = Release|x86
		{0D080C5F-FE0D-4737-B346-A77D5E14192A}.Release|x86.Build.0 = Release|x86
		{7479AF82-8966-411A-A29C-134E11759809}.Debug|Any CPU.ActiveCfg = Debug|Any CPU
		{7479AF82-8966-411A-A29C-134E11759809}.Debug|Any CPU.Build.0 = Debug|Any CPU
		{7479AF82-8966-411A-A29C-134E11759809}.Debug|x64.ActiveCfg = Debug|x64
		{7479AF82-8966-411A-A29C-134E11759809}.Debug|x64.Build.0 = Debug|x64
		{7479AF82-8966-411A-A29C-134E11759809}.Debug|x86.ActiveCfg = Debug|x86
		{7479AF82-8966-411A-A29C-134E11759809}.Debug|x86.Build.0 = Debug|x86
		{7479AF82-8966-411A-A29C-134E11759809}.Internal|Any CPU.ActiveCfg = Internal|Any CPU
		{7479AF82-8966-411A-A29C-134E11759809}.Internal|Any CPU.Build.0 = Internal|Any CPU
		{7479AF82-8966-411A-A29C-134E11759809}.Internal|x64.ActiveCfg = Internal|x64
		{7479AF82-8966-411A-A29C-134E11759809}.Internal|x64.Build.0 = Internal|x64
		{7479AF82-8966-411A-A29C-134E11759809}.Internal|x86.ActiveCfg = Internal|x86
		{7479AF82-8966-411A-A29C-134E11759809}.Internal|x86.Build.0 = Internal|x86
		{7479AF82-8966-411A-A29C-134E11759809}.Release|Any CPU.ActiveCfg = Release|Any CPU
		{7479AF82-8966-411A-A29C-134E11759809}.Release|Any CPU.Build.0 = Release|Any CPU
		{7479AF82-8966-411A-A29C-134E11759809}.Release|x64.ActiveCfg = Release|x64
		{7479AF82-8966-411A-A29C-134E11759809}.Release|x64.Build.0 = Release|x64
		{7479AF82-8966-411A-A29C-134E11759809}.Release|x86.ActiveCfg = Release|x86
		{7479AF82-8966-411A-A29C-134E11759809}.Release|x86.Build.0 = Release|x86
		{3B236235-1660-4215-B1BA-ACC4130EDCBD}.Debug|Any CPU.ActiveCfg = Debug|Any CPU
		{3B236235-1660-4215-B1BA-ACC4130EDCBD}.Debug|Any CPU.Build.0 = Debug|Any CPU
		{3B236235-1660-4215-B1BA-ACC4130EDCBD}.Debug|x64.ActiveCfg = Debug|Any CPU
		{3B236235-1660-4215-B1BA-ACC4130EDCBD}.Debug|x64.Build.0 = Debug|Any CPU
		{3B236235-1660-4215-B1BA-ACC4130EDCBD}.Debug|x86.ActiveCfg = Debug|Any CPU
		{3B236235-1660-4215-B1BA-ACC4130EDCBD}.Debug|x86.Build.0 = Debug|Any CPU
		{3B236235-1660-4215-B1BA-ACC4130EDCBD}.Internal|Any CPU.ActiveCfg = Debug|Any CPU
		{3B236235-1660-4215-B1BA-ACC4130EDCBD}.Internal|Any CPU.Build.0 = Debug|Any CPU
		{3B236235-1660-4215-B1BA-ACC4130EDCBD}.Internal|x64.ActiveCfg = Debug|Any CPU
		{3B236235-1660-4215-B1BA-ACC4130EDCBD}.Internal|x64.Build.0 = Debug|Any CPU
		{3B236235-1660-4215-B1BA-ACC4130EDCBD}.Internal|x86.ActiveCfg = Debug|Any CPU
		{3B236235-1660-4215-B1BA-ACC4130EDCBD}.Internal|x86.Build.0 = Debug|Any CPU
		{3B236235-1660-4215-B1BA-ACC4130EDCBD}.Release|Any CPU.ActiveCfg = Release|Any CPU
		{3B236235-1660-4215-B1BA-ACC4130EDCBD}.Release|Any CPU.Build.0 = Release|Any CPU
		{3B236235-1660-4215-B1BA-ACC4130EDCBD}.Release|x64.ActiveCfg = Release|Any CPU
		{3B236235-1660-4215-B1BA-ACC4130EDCBD}.Release|x64.Build.0 = Release|Any CPU
		{3B236235-1660-4215-B1BA-ACC4130EDCBD}.Release|x86.ActiveCfg = Release|Any CPU
		{3B236235-1660-4215-B1BA-ACC4130EDCBD}.Release|x86.Build.0 = Release|Any CPU
		{84C76B2D-72B8-4659-915C-D55E59648280}.Debug|Any CPU.ActiveCfg = Debug|Any CPU
		{84C76B2D-72B8-4659-915C-D55E59648280}.Debug|Any CPU.Build.0 = Debug|Any CPU
		{84C76B2D-72B8-4659-915C-D55E59648280}.Debug|x64.ActiveCfg = Debug|Any CPU
		{84C76B2D-72B8-4659-915C-D55E59648280}.Debug|x64.Build.0 = Debug|Any CPU
		{84C76B2D-72B8-4659-915C-D55E59648280}.Debug|x86.ActiveCfg = Debug|Any CPU
		{84C76B2D-72B8-4659-915C-D55E59648280}.Debug|x86.Build.0 = Debug|Any CPU
		{84C76B2D-72B8-4659-915C-D55E59648280}.Internal|Any CPU.ActiveCfg = Release|Any CPU
		{84C76B2D-72B8-4659-915C-D55E59648280}.Internal|Any CPU.Build.0 = Release|Any CPU
		{84C76B2D-72B8-4659-915C-D55E59648280}.Internal|x64.ActiveCfg = Release|Any CPU
		{84C76B2D-72B8-4659-915C-D55E59648280}.Internal|x64.Build.0 = Release|Any CPU
		{84C76B2D-72B8-4659-915C-D55E59648280}.Internal|x86.ActiveCfg = Release|Any CPU
		{84C76B2D-72B8-4659-915C-D55E59648280}.Internal|x86.Build.0 = Release|Any CPU
		{84C76B2D-72B8-4659-915C-D55E59648280}.Release|Any CPU.ActiveCfg = Release|Any CPU
		{84C76B2D-72B8-4659-915C-D55E59648280}.Release|Any CPU.Build.0 = Release|Any CPU
		{84C76B2D-72B8-4659-915C-D55E59648280}.Release|x64.ActiveCfg = Release|Any CPU
		{84C76B2D-72B8-4659-915C-D55E59648280}.Release|x64.Build.0 = Release|Any CPU
		{84C76B2D-72B8-4659-915C-D55E59648280}.Release|x86.ActiveCfg = Release|Any CPU
		{84C76B2D-72B8-4659-915C-D55E59648280}.Release|x86.Build.0 = Release|Any CPU
		{9FB83BE2-8877-46AA-AEB2-B39C7A015598}.Debug|Any CPU.ActiveCfg = Debug|Any CPU
		{9FB83BE2-8877-46AA-AEB2-B39C7A015598}.Debug|Any CPU.Build.0 = Debug|Any CPU
		{9FB83BE2-8877-46AA-AEB2-B39C7A015598}.Debug|x64.ActiveCfg = Debug|Any CPU
		{9FB83BE2-8877-46AA-AEB2-B39C7A015598}.Debug|x64.Build.0 = Debug|Any CPU
		{9FB83BE2-8877-46AA-AEB2-B39C7A015598}.Debug|x86.ActiveCfg = Debug|Any CPU
		{9FB83BE2-8877-46AA-AEB2-B39C7A015598}.Debug|x86.Build.0 = Debug|Any CPU
		{9FB83BE2-8877-46AA-AEB2-B39C7A015598}.Internal|Any CPU.ActiveCfg = Release|Any CPU
		{9FB83BE2-8877-46AA-AEB2-B39C7A015598}.Internal|Any CPU.Build.0 = Release|Any CPU
		{9FB83BE2-8877-46AA-AEB2-B39C7A015598}.Internal|x64.ActiveCfg = Release|Any CPU
		{9FB83BE2-8877-46AA-AEB2-B39C7A015598}.Internal|x64.Build.0 = Release|Any CPU
		{9FB83BE2-8877-46AA-AEB2-B39C7A015598}.Internal|x86.ActiveCfg = Release|Any CPU
		{9FB83BE2-8877-46AA-AEB2-B39C7A015598}.Internal|x86.Build.0 = Release|Any CPU
		{9FB83BE2-8877-46AA-AEB2-B39C7A015598}.Release|Any CPU.ActiveCfg = Release|Any CPU
		{9FB83BE2-8877-46AA-AEB2-B39C7A015598}.Release|Any CPU.Build.0 = Release|Any CPU
		{9FB83BE2-8877-46AA-AEB2-B39C7A015598}.Release|x64.ActiveCfg = Release|Any CPU
		{9FB83BE2-8877-46AA-AEB2-B39C7A015598}.Release|x64.Build.0 = Release|Any CPU
		{9FB83BE2-8877-46AA-AEB2-B39C7A015598}.Release|x86.ActiveCfg = Release|Any CPU
		{9FB83BE2-8877-46AA-AEB2-B39C7A015598}.Release|x86.Build.0 = Release|Any CPU
		{F3507E58-E72D-4FAE-9622-4E4F4F92C514}.Debug|Any CPU.ActiveCfg = Debug|Any CPU
		{F3507E58-E72D-4FAE-9622-4E4F4F92C514}.Debug|Any CPU.Build.0 = Debug|Any CPU
		{F3507E58-E72D-4FAE-9622-4E4F4F92C514}.Debug|x64.ActiveCfg = Debug|Any CPU
		{F3507E58-E72D-4FAE-9622-4E4F4F92C514}.Debug|x64.Build.0 = Debug|Any CPU
		{F3507E58-E72D-4FAE-9622-4E4F4F92C514}.Debug|x86.ActiveCfg = Debug|Any CPU
		{F3507E58-E72D-4FAE-9622-4E4F4F92C514}.Debug|x86.Build.0 = Debug|Any CPU
		{F3507E58-E72D-4FAE-9622-4E4F4F92C514}.Internal|Any CPU.ActiveCfg = Release|Any CPU
		{F3507E58-E72D-4FAE-9622-4E4F4F92C514}.Internal|Any CPU.Build.0 = Release|Any CPU
		{F3507E58-E72D-4FAE-9622-4E4F4F92C514}.Internal|x64.ActiveCfg = Release|Any CPU
		{F3507E58-E72D-4FAE-9622-4E4F4F92C514}.Internal|x64.Build.0 = Release|Any CPU
		{F3507E58-E72D-4FAE-9622-4E4F4F92C514}.Internal|x86.ActiveCfg = Release|Any CPU
		{F3507E58-E72D-4FAE-9622-4E4F4F92C514}.Internal|x86.Build.0 = Release|Any CPU
		{F3507E58-E72D-4FAE-9622-4E4F4F92C514}.Release|Any CPU.ActiveCfg = Release|Any CPU
		{F3507E58-E72D-4FAE-9622-4E4F4F92C514}.Release|Any CPU.Build.0 = Release|Any CPU
		{F3507E58-E72D-4FAE-9622-4E4F4F92C514}.Release|x64.ActiveCfg = Release|Any CPU
		{F3507E58-E72D-4FAE-9622-4E4F4F92C514}.Release|x64.Build.0 = Release|Any CPU
		{F3507E58-E72D-4FAE-9622-4E4F4F92C514}.Release|x86.ActiveCfg = Release|Any CPU
		{F3507E58-E72D-4FAE-9622-4E4F4F92C514}.Release|x86.Build.0 = Release|Any CPU
		{310C76E6-7AFE-45D9-8085-60E6FAF7FEB3}.Debug|Any CPU.ActiveCfg = Debug|Any CPU
		{310C76E6-7AFE-45D9-8085-60E6FAF7FEB3}.Debug|Any CPU.Build.0 = Debug|Any CPU
		{310C76E6-7AFE-45D9-8085-60E6FAF7FEB3}.Debug|x64.ActiveCfg = Debug|Any CPU
		{310C76E6-7AFE-45D9-8085-60E6FAF7FEB3}.Debug|x64.Build.0 = Debug|Any CPU
		{310C76E6-7AFE-45D9-8085-60E6FAF7FEB3}.Debug|x86.ActiveCfg = Debug|Any CPU
		{310C76E6-7AFE-45D9-8085-60E6FAF7FEB3}.Debug|x86.Build.0 = Debug|Any CPU
		{310C76E6-7AFE-45D9-8085-60E6FAF7FEB3}.Internal|Any CPU.ActiveCfg = Debug|Any CPU
		{310C76E6-7AFE-45D9-8085-60E6FAF7FEB3}.Internal|Any CPU.Build.0 = Debug|Any CPU
		{310C76E6-7AFE-45D9-8085-60E6FAF7FEB3}.Internal|x64.ActiveCfg = Debug|Any CPU
		{310C76E6-7AFE-45D9-8085-60E6FAF7FEB3}.Internal|x64.Build.0 = Debug|Any CPU
		{310C76E6-7AFE-45D9-8085-60E6FAF7FEB3}.Internal|x86.ActiveCfg = Debug|Any CPU
		{310C76E6-7AFE-45D9-8085-60E6FAF7FEB3}.Internal|x86.Build.0 = Debug|Any CPU
		{310C76E6-7AFE-45D9-8085-60E6FAF7FEB3}.Release|Any CPU.ActiveCfg = Release|Any CPU
		{310C76E6-7AFE-45D9-8085-60E6FAF7FEB3}.Release|Any CPU.Build.0 = Release|Any CPU
		{310C76E6-7AFE-45D9-8085-60E6FAF7FEB3}.Release|x64.ActiveCfg = Release|Any CPU
		{310C76E6-7AFE-45D9-8085-60E6FAF7FEB3}.Release|x64.Build.0 = Release|Any CPU
		{310C76E6-7AFE-45D9-8085-60E6FAF7FEB3}.Release|x86.ActiveCfg = Release|Any CPU
		{310C76E6-7AFE-45D9-8085-60E6FAF7FEB3}.Release|x86.Build.0 = Release|Any CPU
		{6CFE0A79-CC60-4561-A88E-8ACCBB3C5E2D}.Debug|Any CPU.ActiveCfg = Debug|Any CPU
		{6CFE0A79-CC60-4561-A88E-8ACCBB3C5E2D}.Debug|Any CPU.Build.0 = Debug|Any CPU
		{6CFE0A79-CC60-4561-A88E-8ACCBB3C5E2D}.Debug|x64.ActiveCfg = Debug|Any CPU
		{6CFE0A79-CC60-4561-A88E-8ACCBB3C5E2D}.Debug|x64.Build.0 = Debug|Any CPU
		{6CFE0A79-CC60-4561-A88E-8ACCBB3C5E2D}.Debug|x86.ActiveCfg = Debug|Any CPU
		{6CFE0A79-CC60-4561-A88E-8ACCBB3C5E2D}.Debug|x86.Build.0 = Debug|Any CPU
		{6CFE0A79-CC60-4561-A88E-8ACCBB3C5E2D}.Internal|Any CPU.ActiveCfg = Debug|Any CPU
		{6CFE0A79-CC60-4561-A88E-8ACCBB3C5E2D}.Internal|Any CPU.Build.0 = Debug|Any CPU
		{6CFE0A79-CC60-4561-A88E-8ACCBB3C5E2D}.Internal|x64.ActiveCfg = Debug|Any CPU
		{6CFE0A79-CC60-4561-A88E-8ACCBB3C5E2D}.Internal|x64.Build.0 = Debug|Any CPU
		{6CFE0A79-CC60-4561-A88E-8ACCBB3C5E2D}.Internal|x86.ActiveCfg = Debug|Any CPU
		{6CFE0A79-CC60-4561-A88E-8ACCBB3C5E2D}.Internal|x86.Build.0 = Debug|Any CPU
		{6CFE0A79-CC60-4561-A88E-8ACCBB3C5E2D}.Release|Any CPU.ActiveCfg = Release|Any CPU
		{6CFE0A79-CC60-4561-A88E-8ACCBB3C5E2D}.Release|Any CPU.Build.0 = Release|Any CPU
		{6CFE0A79-CC60-4561-A88E-8ACCBB3C5E2D}.Release|x64.ActiveCfg = Release|Any CPU
		{6CFE0A79-CC60-4561-A88E-8ACCBB3C5E2D}.Release|x64.Build.0 = Release|Any CPU
		{6CFE0A79-CC60-4561-A88E-8ACCBB3C5E2D}.Release|x86.ActiveCfg = Release|Any CPU
		{6CFE0A79-CC60-4561-A88E-8ACCBB3C5E2D}.Release|x86.Build.0 = Release|Any CPU
		{AA18D77E-E620-47E9-8C46-69ABD632E3CA}.Debug|Any CPU.ActiveCfg = Debug|Any CPU
		{AA18D77E-E620-47E9-8C46-69ABD632E3CA}.Debug|Any CPU.Build.0 = Debug|Any CPU
		{AA18D77E-E620-47E9-8C46-69ABD632E3CA}.Debug|x64.ActiveCfg = Debug|Any CPU
		{AA18D77E-E620-47E9-8C46-69ABD632E3CA}.Debug|x64.Build.0 = Debug|Any CPU
		{AA18D77E-E620-47E9-8C46-69ABD632E3CA}.Debug|x86.ActiveCfg = Debug|Any CPU
		{AA18D77E-E620-47E9-8C46-69ABD632E3CA}.Debug|x86.Build.0 = Debug|Any CPU
		{AA18D77E-E620-47E9-8C46-69ABD632E3CA}.Internal|Any CPU.ActiveCfg = Debug|Any CPU
		{AA18D77E-E620-47E9-8C46-69ABD632E3CA}.Internal|Any CPU.Build.0 = Debug|Any CPU
		{AA18D77E-E620-47E9-8C46-69ABD632E3CA}.Internal|x64.ActiveCfg = Debug|Any CPU
		{AA18D77E-E620-47E9-8C46-69ABD632E3CA}.Internal|x64.Build.0 = Debug|Any CPU
		{AA18D77E-E620-47E9-8C46-69ABD632E3CA}.Internal|x86.ActiveCfg = Debug|Any CPU
		{AA18D77E-E620-47E9-8C46-69ABD632E3CA}.Internal|x86.Build.0 = Debug|Any CPU
		{AA18D77E-E620-47E9-8C46-69ABD632E3CA}.Release|Any CPU.ActiveCfg = Release|Any CPU
		{AA18D77E-E620-47E9-8C46-69ABD632E3CA}.Release|Any CPU.Build.0 = Release|Any CPU
		{AA18D77E-E620-47E9-8C46-69ABD632E3CA}.Release|x64.ActiveCfg = Release|Any CPU
		{AA18D77E-E620-47E9-8C46-69ABD632E3CA}.Release|x64.Build.0 = Release|Any CPU
		{AA18D77E-E620-47E9-8C46-69ABD632E3CA}.Release|x86.ActiveCfg = Release|Any CPU
		{AA18D77E-E620-47E9-8C46-69ABD632E3CA}.Release|x86.Build.0 = Release|Any CPU
		{B167BBF4-223C-4864-8594-823B18217007}.Debug|Any CPU.ActiveCfg = Debug|Any CPU
		{B167BBF4-223C-4864-8594-823B18217007}.Debug|Any CPU.Build.0 = Debug|Any CPU
		{B167BBF4-223C-4864-8594-823B18217007}.Debug|x64.ActiveCfg = Debug|Any CPU
		{B167BBF4-223C-4864-8594-823B18217007}.Debug|x64.Build.0 = Debug|Any CPU
		{B167BBF4-223C-4864-8594-823B18217007}.Debug|x86.ActiveCfg = Debug|Any CPU
		{B167BBF4-223C-4864-8594-823B18217007}.Debug|x86.Build.0 = Debug|Any CPU
		{B167BBF4-223C-4864-8594-823B18217007}.Internal|Any CPU.ActiveCfg = Debug|Any CPU
		{B167BBF4-223C-4864-8594-823B18217007}.Internal|Any CPU.Build.0 = Debug|Any CPU
		{B167BBF4-223C-4864-8594-823B18217007}.Internal|x64.ActiveCfg = Debug|Any CPU
		{B167BBF4-223C-4864-8594-823B18217007}.Internal|x64.Build.0 = Debug|Any CPU
		{B167BBF4-223C-4864-8594-823B18217007}.Internal|x86.ActiveCfg = Debug|Any CPU
		{B167BBF4-223C-4864-8594-823B18217007}.Internal|x86.Build.0 = Debug|Any CPU
		{B167BBF4-223C-4864-8594-823B18217007}.Release|Any CPU.ActiveCfg = Release|Any CPU
		{B167BBF4-223C-4864-8594-823B18217007}.Release|Any CPU.Build.0 = Release|Any CPU
		{B167BBF4-223C-4864-8594-823B18217007}.Release|x64.ActiveCfg = Release|Any CPU
		{B167BBF4-223C-4864-8594-823B18217007}.Release|x64.Build.0 = Release|Any CPU
		{B167BBF4-223C-4864-8594-823B18217007}.Release|x86.ActiveCfg = Release|Any CPU
		{B167BBF4-223C-4864-8594-823B18217007}.Release|x86.Build.0 = Release|Any CPU
		{869BF91E-5489-438F-B32C-E33C04D815D0}.Debug|Any CPU.ActiveCfg = Debug|Any CPU
		{869BF91E-5489-438F-B32C-E33C04D815D0}.Debug|Any CPU.Build.0 = Debug|Any CPU
		{869BF91E-5489-438F-B32C-E33C04D815D0}.Debug|x64.ActiveCfg = Debug|Any CPU
		{869BF91E-5489-438F-B32C-E33C04D815D0}.Debug|x64.Build.0 = Debug|Any CPU
		{869BF91E-5489-438F-B32C-E33C04D815D0}.Debug|x86.ActiveCfg = Debug|Any CPU
		{869BF91E-5489-438F-B32C-E33C04D815D0}.Debug|x86.Build.0 = Debug|Any CPU
		{869BF91E-5489-438F-B32C-E33C04D815D0}.Internal|Any CPU.ActiveCfg = Release|Any CPU
		{869BF91E-5489-438F-B32C-E33C04D815D0}.Internal|Any CPU.Build.0 = Release|Any CPU
		{869BF91E-5489-438F-B32C-E33C04D815D0}.Internal|x64.ActiveCfg = Release|Any CPU
		{869BF91E-5489-438F-B32C-E33C04D815D0}.Internal|x64.Build.0 = Release|Any CPU
		{869BF91E-5489-438F-B32C-E33C04D815D0}.Internal|x86.ActiveCfg = Release|Any CPU
		{869BF91E-5489-438F-B32C-E33C04D815D0}.Internal|x86.Build.0 = Release|Any CPU
		{869BF91E-5489-438F-B32C-E33C04D815D0}.Release|Any CPU.ActiveCfg = Release|Any CPU
		{869BF91E-5489-438F-B32C-E33C04D815D0}.Release|Any CPU.Build.0 = Release|Any CPU
		{869BF91E-5489-438F-B32C-E33C04D815D0}.Release|x64.ActiveCfg = Release|Any CPU
		{869BF91E-5489-438F-B32C-E33C04D815D0}.Release|x64.Build.0 = Release|Any CPU
		{869BF91E-5489-438F-B32C-E33C04D815D0}.Release|x86.ActiveCfg = Release|Any CPU
		{869BF91E-5489-438F-B32C-E33C04D815D0}.Release|x86.Build.0 = Release|Any CPU
		{1EEDC3F6-715A-4255-B488-7F693FEE92C3}.Debug|Any CPU.ActiveCfg = Debug|Any CPU
		{1EEDC3F6-715A-4255-B488-7F693FEE92C3}.Debug|Any CPU.Build.0 = Debug|Any CPU
		{1EEDC3F6-715A-4255-B488-7F693FEE92C3}.Debug|x64.ActiveCfg = Debug|Any CPU
		{1EEDC3F6-715A-4255-B488-7F693FEE92C3}.Debug|x64.Build.0 = Debug|Any CPU
		{1EEDC3F6-715A-4255-B488-7F693FEE92C3}.Debug|x86.ActiveCfg = Debug|Any CPU
		{1EEDC3F6-715A-4255-B488-7F693FEE92C3}.Debug|x86.Build.0 = Debug|Any CPU
		{1EEDC3F6-715A-4255-B488-7F693FEE92C3}.Internal|Any CPU.ActiveCfg = Release|Any CPU
		{1EEDC3F6-715A-4255-B488-7F693FEE92C3}.Internal|Any CPU.Build.0 = Release|Any CPU
		{1EEDC3F6-715A-4255-B488-7F693FEE92C3}.Internal|x64.ActiveCfg = Release|Any CPU
		{1EEDC3F6-715A-4255-B488-7F693FEE92C3}.Internal|x64.Build.0 = Release|Any CPU
		{1EEDC3F6-715A-4255-B488-7F693FEE92C3}.Internal|x86.ActiveCfg = Release|Any CPU
		{1EEDC3F6-715A-4255-B488-7F693FEE92C3}.Internal|x86.Build.0 = Release|Any CPU
		{1EEDC3F6-715A-4255-B488-7F693FEE92C3}.Release|Any CPU.ActiveCfg = Release|Any CPU
		{1EEDC3F6-715A-4255-B488-7F693FEE92C3}.Release|Any CPU.Build.0 = Release|Any CPU
		{1EEDC3F6-715A-4255-B488-7F693FEE92C3}.Release|x64.ActiveCfg = Release|Any CPU
		{1EEDC3F6-715A-4255-B488-7F693FEE92C3}.Release|x64.Build.0 = Release|Any CPU
		{1EEDC3F6-715A-4255-B488-7F693FEE92C3}.Release|x86.ActiveCfg = Release|Any CPU
		{1EEDC3F6-715A-4255-B488-7F693FEE92C3}.Release|x86.Build.0 = Release|Any CPU
		{3C9E6E3A-B32F-4515-B839-004627FC0A10}.Debug|Any CPU.ActiveCfg = Debug|Any CPU
		{3C9E6E3A-B32F-4515-B839-004627FC0A10}.Debug|Any CPU.Build.0 = Debug|Any CPU
		{3C9E6E3A-B32F-4515-B839-004627FC0A10}.Debug|x64.ActiveCfg = Debug|Any CPU
		{3C9E6E3A-B32F-4515-B839-004627FC0A10}.Debug|x64.Build.0 = Debug|Any CPU
		{3C9E6E3A-B32F-4515-B839-004627FC0A10}.Debug|x86.ActiveCfg = Debug|Any CPU
		{3C9E6E3A-B32F-4515-B839-004627FC0A10}.Debug|x86.Build.0 = Debug|Any CPU
		{3C9E6E3A-B32F-4515-B839-004627FC0A10}.Internal|Any CPU.ActiveCfg = Debug|Any CPU
		{3C9E6E3A-B32F-4515-B839-004627FC0A10}.Internal|Any CPU.Build.0 = Debug|Any CPU
		{3C9E6E3A-B32F-4515-B839-004627FC0A10}.Internal|x64.ActiveCfg = Debug|Any CPU
		{3C9E6E3A-B32F-4515-B839-004627FC0A10}.Internal|x64.Build.0 = Debug|Any CPU
		{3C9E6E3A-B32F-4515-B839-004627FC0A10}.Internal|x86.ActiveCfg = Debug|Any CPU
		{3C9E6E3A-B32F-4515-B839-004627FC0A10}.Internal|x86.Build.0 = Debug|Any CPU
		{3C9E6E3A-B32F-4515-B839-004627FC0A10}.Release|Any CPU.ActiveCfg = Release|Any CPU
		{3C9E6E3A-B32F-4515-B839-004627FC0A10}.Release|Any CPU.Build.0 = Release|Any CPU
		{3C9E6E3A-B32F-4515-B839-004627FC0A10}.Release|x64.ActiveCfg = Release|Any CPU
		{3C9E6E3A-B32F-4515-B839-004627FC0A10}.Release|x64.Build.0 = Release|Any CPU
		{3C9E6E3A-B32F-4515-B839-004627FC0A10}.Release|x86.ActiveCfg = Release|Any CPU
		{3C9E6E3A-B32F-4515-B839-004627FC0A10}.Release|x86.Build.0 = Release|Any CPU
		{73C2C50F-7842-4AD9-9D3B-8CB25744C7D7}.Debug|Any CPU.ActiveCfg = Debug|Any CPU
		{73C2C50F-7842-4AD9-9D3B-8CB25744C7D7}.Debug|Any CPU.Build.0 = Debug|Any CPU
		{73C2C50F-7842-4AD9-9D3B-8CB25744C7D7}.Debug|x64.ActiveCfg = Debug|Any CPU
		{73C2C50F-7842-4AD9-9D3B-8CB25744C7D7}.Debug|x64.Build.0 = Debug|Any CPU
		{73C2C50F-7842-4AD9-9D3B-8CB25744C7D7}.Debug|x86.ActiveCfg = Debug|Any CPU
		{73C2C50F-7842-4AD9-9D3B-8CB25744C7D7}.Debug|x86.Build.0 = Debug|Any CPU
		{73C2C50F-7842-4AD9-9D3B-8CB25744C7D7}.Internal|Any CPU.ActiveCfg = Debug|Any CPU
		{73C2C50F-7842-4AD9-9D3B-8CB25744C7D7}.Internal|Any CPU.Build.0 = Debug|Any CPU
		{73C2C50F-7842-4AD9-9D3B-8CB25744C7D7}.Internal|x64.ActiveCfg = Debug|Any CPU
		{73C2C50F-7842-4AD9-9D3B-8CB25744C7D7}.Internal|x64.Build.0 = Debug|Any CPU
		{73C2C50F-7842-4AD9-9D3B-8CB25744C7D7}.Internal|x86.ActiveCfg = Debug|Any CPU
		{73C2C50F-7842-4AD9-9D3B-8CB25744C7D7}.Internal|x86.Build.0 = Debug|Any CPU
		{73C2C50F-7842-4AD9-9D3B-8CB25744C7D7}.Release|Any CPU.ActiveCfg = Release|Any CPU
		{73C2C50F-7842-4AD9-9D3B-8CB25744C7D7}.Release|Any CPU.Build.0 = Release|Any CPU
		{73C2C50F-7842-4AD9-9D3B-8CB25744C7D7}.Release|x64.ActiveCfg = Release|Any CPU
		{73C2C50F-7842-4AD9-9D3B-8CB25744C7D7}.Release|x64.Build.0 = Release|Any CPU
		{73C2C50F-7842-4AD9-9D3B-8CB25744C7D7}.Release|x86.ActiveCfg = Release|Any CPU
		{73C2C50F-7842-4AD9-9D3B-8CB25744C7D7}.Release|x86.Build.0 = Release|Any CPU
		{8A9D3505-6A3E-48ED-BF77-C15FDC7E0694}.Debug|Any CPU.ActiveCfg = Debug|Any CPU
		{8A9D3505-6A3E-48ED-BF77-C15FDC7E0694}.Debug|Any CPU.Build.0 = Debug|Any CPU
		{8A9D3505-6A3E-48ED-BF77-C15FDC7E0694}.Debug|x64.ActiveCfg = Debug|Any CPU
		{8A9D3505-6A3E-48ED-BF77-C15FDC7E0694}.Debug|x64.Build.0 = Debug|Any CPU
		{8A9D3505-6A3E-48ED-BF77-C15FDC7E0694}.Debug|x86.ActiveCfg = Debug|Any CPU
		{8A9D3505-6A3E-48ED-BF77-C15FDC7E0694}.Debug|x86.Build.0 = Debug|Any CPU
		{8A9D3505-6A3E-48ED-BF77-C15FDC7E0694}.Internal|Any CPU.ActiveCfg = Debug|Any CPU
		{8A9D3505-6A3E-48ED-BF77-C15FDC7E0694}.Internal|Any CPU.Build.0 = Debug|Any CPU
		{8A9D3505-6A3E-48ED-BF77-C15FDC7E0694}.Internal|x64.ActiveCfg = Debug|Any CPU
		{8A9D3505-6A3E-48ED-BF77-C15FDC7E0694}.Internal|x64.Build.0 = Debug|Any CPU
		{8A9D3505-6A3E-48ED-BF77-C15FDC7E0694}.Internal|x86.ActiveCfg = Debug|Any CPU
		{8A9D3505-6A3E-48ED-BF77-C15FDC7E0694}.Internal|x86.Build.0 = Debug|Any CPU
		{8A9D3505-6A3E-48ED-BF77-C15FDC7E0694}.Release|Any CPU.ActiveCfg = Release|Any CPU
		{8A9D3505-6A3E-48ED-BF77-C15FDC7E0694}.Release|Any CPU.Build.0 = Release|Any CPU
		{8A9D3505-6A3E-48ED-BF77-C15FDC7E0694}.Release|x64.ActiveCfg = Release|Any CPU
		{8A9D3505-6A3E-48ED-BF77-C15FDC7E0694}.Release|x64.Build.0 = Release|Any CPU
		{8A9D3505-6A3E-48ED-BF77-C15FDC7E0694}.Release|x86.ActiveCfg = Release|Any CPU
		{8A9D3505-6A3E-48ED-BF77-C15FDC7E0694}.Release|x86.Build.0 = Release|Any CPU
		{D1EA0EB5-6EB0-46BB-99F9-6DCC69D3CD47}.Debug|Any CPU.ActiveCfg = Debug|Any CPU
		{D1EA0EB5-6EB0-46BB-99F9-6DCC69D3CD47}.Debug|Any CPU.Build.0 = Debug|Any CPU
		{D1EA0EB5-6EB0-46BB-99F9-6DCC69D3CD47}.Debug|x64.ActiveCfg = Debug|Any CPU
		{D1EA0EB5-6EB0-46BB-99F9-6DCC69D3CD47}.Debug|x64.Build.0 = Debug|Any CPU
		{D1EA0EB5-6EB0-46BB-99F9-6DCC69D3CD47}.Debug|x86.ActiveCfg = Debug|Any CPU
		{D1EA0EB5-6EB0-46BB-99F9-6DCC69D3CD47}.Debug|x86.Build.0 = Debug|Any CPU
		{D1EA0EB5-6EB0-46BB-99F9-6DCC69D3CD47}.Internal|Any CPU.ActiveCfg = Debug|Any CPU
		{D1EA0EB5-6EB0-46BB-99F9-6DCC69D3CD47}.Internal|Any CPU.Build.0 = Debug|Any CPU
		{D1EA0EB5-6EB0-46BB-99F9-6DCC69D3CD47}.Internal|x64.ActiveCfg = Debug|Any CPU
		{D1EA0EB5-6EB0-46BB-99F9-6DCC69D3CD47}.Internal|x64.Build.0 = Debug|Any CPU
		{D1EA0EB5-6EB0-46BB-99F9-6DCC69D3CD47}.Internal|x86.ActiveCfg = Debug|Any CPU
		{D1EA0EB5-6EB0-46BB-99F9-6DCC69D3CD47}.Internal|x86.Build.0 = Debug|Any CPU
		{D1EA0EB5-6EB0-46BB-99F9-6DCC69D3CD47}.Release|Any CPU.ActiveCfg = Release|Any CPU
		{D1EA0EB5-6EB0-46BB-99F9-6DCC69D3CD47}.Release|Any CPU.Build.0 = Release|Any CPU
		{D1EA0EB5-6EB0-46BB-99F9-6DCC69D3CD47}.Release|x64.ActiveCfg = Release|Any CPU
		{D1EA0EB5-6EB0-46BB-99F9-6DCC69D3CD47}.Release|x64.Build.0 = Release|Any CPU
		{D1EA0EB5-6EB0-46BB-99F9-6DCC69D3CD47}.Release|x86.ActiveCfg = Release|Any CPU
		{D1EA0EB5-6EB0-46BB-99F9-6DCC69D3CD47}.Release|x86.Build.0 = Release|Any CPU
		{FD02E596-C6D0-4D20-8775-8BBC4169ED16}.Debug|Any CPU.ActiveCfg = Debug|Any CPU
		{FD02E596-C6D0-4D20-8775-8BBC4169ED16}.Debug|Any CPU.Build.0 = Debug|Any CPU
		{FD02E596-C6D0-4D20-8775-8BBC4169ED16}.Debug|x64.ActiveCfg = Debug|Any CPU
		{FD02E596-C6D0-4D20-8775-8BBC4169ED16}.Debug|x64.Build.0 = Debug|Any CPU
		{FD02E596-C6D0-4D20-8775-8BBC4169ED16}.Debug|x86.ActiveCfg = Debug|Any CPU
		{FD02E596-C6D0-4D20-8775-8BBC4169ED16}.Debug|x86.Build.0 = Debug|Any CPU
		{FD02E596-C6D0-4D20-8775-8BBC4169ED16}.Internal|Any CPU.ActiveCfg = Debug|Any CPU
		{FD02E596-C6D0-4D20-8775-8BBC4169ED16}.Internal|Any CPU.Build.0 = Debug|Any CPU
		{FD02E596-C6D0-4D20-8775-8BBC4169ED16}.Internal|x64.ActiveCfg = Debug|Any CPU
		{FD02E596-C6D0-4D20-8775-8BBC4169ED16}.Internal|x64.Build.0 = Debug|Any CPU
		{FD02E596-C6D0-4D20-8775-8BBC4169ED16}.Internal|x86.ActiveCfg = Debug|Any CPU
		{FD02E596-C6D0-4D20-8775-8BBC4169ED16}.Internal|x86.Build.0 = Debug|Any CPU
		{FD02E596-C6D0-4D20-8775-8BBC4169ED16}.Release|Any CPU.ActiveCfg = Release|Any CPU
		{FD02E596-C6D0-4D20-8775-8BBC4169ED16}.Release|Any CPU.Build.0 = Release|Any CPU
		{FD02E596-C6D0-4D20-8775-8BBC4169ED16}.Release|x64.ActiveCfg = Release|Any CPU
		{FD02E596-C6D0-4D20-8775-8BBC4169ED16}.Release|x64.Build.0 = Release|Any CPU
		{FD02E596-C6D0-4D20-8775-8BBC4169ED16}.Release|x86.ActiveCfg = Release|Any CPU
		{FD02E596-C6D0-4D20-8775-8BBC4169ED16}.Release|x86.Build.0 = Release|Any CPU
	EndGlobalSection
	GlobalSection(SolutionProperties) = preSolution
		HideSolutionNode = FALSE
	EndGlobalSection
	GlobalSection(NestedProjects) = preSolution
		{5A7534E2-B3CF-42AE-B6C5-17711A39850E} = {3BB033AF-04CE-4F0F-9733-40318A28BF48}
		{BA8DEB93-BB62-4992-88A1-F9B51C02BD55} = {3BB033AF-04CE-4F0F-9733-40318A28BF48}
		{E0FDFB5A-F239-43CA-A709-4774FC15D7C4} = {3BB033AF-04CE-4F0F-9733-40318A28BF48}
		{B80D59E3-31A6-4602-89B0-0237A1F2456F} = {7922EFC8-4766-478F-ADEA-1C84125141FC}
		{0D080C5F-FE0D-4737-B346-A77D5E14192A} = {7922EFC8-4766-478F-ADEA-1C84125141FC}
		{7479AF82-8966-411A-A29C-134E11759809} = {7922EFC8-4766-478F-ADEA-1C84125141FC}
		{3B236235-1660-4215-B1BA-ACC4130EDCBD} = {A044B614-44C4-4C49-98CA-EB4FB6DB7C63}
		{84C76B2D-72B8-4659-915C-D55E59648280} = {A044B614-44C4-4C49-98CA-EB4FB6DB7C63}
		{9FB83BE2-8877-46AA-AEB2-B39C7A015598} = {A044B614-44C4-4C49-98CA-EB4FB6DB7C63}
		{F3507E58-E72D-4FAE-9622-4E4F4F92C514} = {A044B614-44C4-4C49-98CA-EB4FB6DB7C63}
		{CF545C8D-BCB3-4F85-9104-2D03C862B2E7} = {A044B614-44C4-4C49-98CA-EB4FB6DB7C63}
		{310C76E6-7AFE-45D9-8085-60E6FAF7FEB3} = {CF545C8D-BCB3-4F85-9104-2D03C862B2E7}
		{6CFE0A79-CC60-4561-A88E-8ACCBB3C5E2D} = {CF545C8D-BCB3-4F85-9104-2D03C862B2E7}
		{AA18D77E-E620-47E9-8C46-69ABD632E3CA} = {CF545C8D-BCB3-4F85-9104-2D03C862B2E7}
		{869BF91E-5489-438F-B32C-E33C04D815D0} = {3BB033AF-04CE-4F0F-9733-40318A28BF48}
		{1EEDC3F6-715A-4255-B488-7F693FEE92C3} = {3BB033AF-04CE-4F0F-9733-40318A28BF48}
		{3C9E6E3A-B32F-4515-B839-004627FC0A10} = {A044B614-44C4-4C49-98CA-EB4FB6DB7C63}
		{73C2C50F-7842-4AD9-9D3B-8CB25744C7D7} = {3BB033AF-04CE-4F0F-9733-40318A28BF48}
		{8A9D3505-6A3E-48ED-BF77-C15FDC7E0694} = {3BB033AF-04CE-4F0F-9733-40318A28BF48}
		{D1EA0EB5-6EB0-46BB-99F9-6DCC69D3CD47} = {3BB033AF-04CE-4F0F-9733-40318A28BF48}
		{FD02E596-C6D0-4D20-8775-8BBC4169ED16} = {3BB033AF-04CE-4F0F-9733-40318A28BF48}
	EndGlobalSection
	GlobalSection(ExtensibilityGlobals) = postSolution
		SolutionGuid = {D6DCD025-E50A-4F54-A35D-4EDB43624AB7}
	EndGlobalSection
EndGlobal
