
Microsoft Visual Studio Solution File, Format Version 12.00
# Visual Studio 15
VisualStudioVersion = 15.0.27130.2024
MinimumVisualStudioVersion = 10.0.40219.1
Project("{9A19103F-16F7-4668-BE54-9A1E7A4F7556}") = "Speed.Data", "Speed.Data\Speed.Data.csproj", "{9AC11299-6255-4503-9735-8D9B45E659F9}"
EndProject
Project("{2150E333-8FDC-42A3-9474-1A3956D46DE8}") = "Providers", "Providers", "{B6801371-EE79-4B87-92D1-530649514B35}"
EndProject
Project("{9A19103F-16F7-4668-BE54-9A1E7A4F7556}") = "Speed.SqlServer", "Providers\Speed.SqlServer\Speed.SqlServer.csproj", "{471D783C-8316-4C6F-84B3-39D56291F179}"
EndProject
Project("{9A19103F-16F7-4668-BE54-9A1E7A4F7556}") = "Speed.MySql", "Providers\Speed.MySql\Speed.MySql.csproj", "{A76E64D2-9054-4C89-BFB6-7409BEDFC7AD}"
EndProject
Project("{FAE04EC0-301F-11D3-BF4B-00C04F79EFBC}") = "Speed", "Speed\Speed.csproj", "{B80D59E3-31A6-4602-89B0-0237A1F2456F}"
EndProject
Project("{FAE04EC0-301F-11D3-BF4B-00C04F79EFBC}") = "Speed.Windows", "Speed.Windows\Speed.Windows.csproj", "{7479AF82-8966-411A-A29C-134E11759809}"
EndProject
Project("{FAE04EC0-301F-11D3-BF4B-00C04F79EFBC}") = "Speed.UI", "Speed.UI\Speed.UI.csproj", "{0D080C5F-FE0D-4737-B346-A77D5E14192A}"
EndProject
Project("{2150E333-8FDC-42A3-9474-1A3956D46DE8}") = "UI", "UI", "{D17E2CC3-8E2C-452F-8F6B-EF9499D56DD5}"
EndProject
Project("{9A19103F-16F7-4668-BE54-9A1E7A4F7556}") = "Speed.Oracle", "Providers\Speed.Oracle\Speed.Oracle.csproj", "{0AB879E8-55E7-4C6F-93EF-5C9E64208EA0}"
EndProject
Project("{9A19103F-16F7-4668-BE54-9A1E7A4F7556}") = "Speed.Access", "Providers\Speed.Access\Speed.Access.csproj", "{CA82BA84-03A0-4940-A3C3-73CD5D176016}"
EndProject
Project("{9A19103F-16F7-4668-BE54-9A1E7A4F7556}") = "Speed.MariaDB", "Providers\Speed.MariaDB\Speed.MariaDB.csproj", "{E0525B22-E763-4FBA-90C9-352849F87975}"
EndProject
Project("{9A19103F-16F7-4668-BE54-9A1E7A4F7556}") = "Speed.Firebird", "Providers\Speed.Firebird\Speed.Firebird.csproj", "{D444AA66-92BB-4D39-BCA2-B279D70397FB}"
EndProject
Project("{9A19103F-16F7-4668-BE54-9A1E7A4F7556}") = "Speed.PostgreSql", "Providers\Speed.PostgreSql\Speed.PostgreSql.csproj", "{C2DC997E-F332-412F-A28B-CCFC8ABD2E1D}"
EndProject
Project("{9A19103F-16F7-4668-BE54-9A1E7A4F7556}") = "Speed.SQLite", "Providers\Speed.SQLite\Speed.SQLite.csproj", "{5B1BE4BD-1D2B-4607-A675-8768994DC9FB}"
EndProject
Project("{9A19103F-16F7-4668-BE54-9A1E7A4F7556}") = "Speed.OleDb", "Providers\Speed.OleDb\Speed.OleDb.csproj", "{95A2C4A3-932C-47C1-855E-BE0D48752372}"
EndProject
Global
	GlobalSection(SolutionConfigurationPlatforms) = preSolution
		Debug|Any CPU = Debug|Any CPU
		Debug|x64 = Debug|x64
		Debug|x86 = Debug|x86
		Internal|Any CPU = Internal|Any CPU
		Internal|x64 = Internal|x64
		Internal|x86 = Internal|x86
		Release|Any CPU = Release|Any CPU
		Release|x64 = Release|x64
		Release|x86 = Release|x86
	EndGlobalSection
	GlobalSection(ProjectConfigurationPlatforms) = postSolution
		{9AC11299-6255-4503-9735-8D9B45E659F9}.Debug|Any CPU.ActiveCfg = Debug|Any CPU
		{9AC11299-6255-4503-9735-8D9B45E659F9}.Debug|Any CPU.Build.0 = Debug|Any CPU
		{9AC11299-6255-4503-9735-8D9B45E659F9}.Debug|x64.ActiveCfg = Debug|Any CPU
		{9AC11299-6255-4503-9735-8D9B45E659F9}.Debug|x64.Build.0 = Debug|Any CPU
		{9AC11299-6255-4503-9735-8D9B45E659F9}.Debug|x86.ActiveCfg = Debug|Any CPU
		{9AC11299-6255-4503-9735-8D9B45E659F9}.Debug|x86.Build.0 = Debug|Any CPU
		{9AC11299-6255-4503-9735-8D9B45E659F9}.Internal|Any CPU.ActiveCfg = Release|Any CPU
		{9AC11299-6255-4503-9735-8D9B45E659F9}.Internal|Any CPU.Build.0 = Release|Any CPU
		{9AC11299-6255-4503-9735-8D9B45E659F9}.Internal|x64.ActiveCfg = Release|Any CPU
		{9AC11299-6255-4503-9735-8D9B45E659F9}.Internal|x64.Build.0 = Release|Any CPU
		{9AC11299-6255-4503-9735-8D9B45E659F9}.Internal|x86.ActiveCfg = Release|Any CPU
		{9AC11299-6255-4503-9735-8D9B45E659F9}.Internal|x86.Build.0 = Release|Any CPU
		{9AC11299-6255-4503-9735-8D9B45E659F9}.Release|Any CPU.ActiveCfg = Release|Any CPU
		{9AC11299-6255-4503-9735-8D9B45E659F9}.Release|Any CPU.Build.0 = Release|Any CPU
		{9AC11299-6255-4503-9735-8D9B45E659F9}.Release|x64.ActiveCfg = Release|Any CPU
		{9AC11299-6255-4503-9735-8D9B45E659F9}.Release|x64.Build.0 = Release|Any CPU
		{9AC11299-6255-4503-9735-8D9B45E659F9}.Release|x86.ActiveCfg = Release|Any CPU
		{9AC11299-6255-4503-9735-8D9B45E659F9}.Release|x86.Build.0 = Release|Any CPU
		{471D783C-8316-4C6F-84B3-39D56291F179}.Debug|Any CPU.ActiveCfg = Debug|Any CPU
		{471D783C-8316-4C6F-84B3-39D56291F179}.Debug|Any CPU.Build.0 = Debug|Any CPU
		{471D783C-8316-4C6F-84B3-39D56291F179}.Debug|x64.ActiveCfg = Debug|Any CPU
		{471D783C-8316-4C6F-84B3-39D56291F179}.Debug|x64.Build.0 = Debug|Any CPU
		{471D783C-8316-4C6F-84B3-39D56291F179}.Debug|x86.ActiveCfg = Debug|Any CPU
		{471D783C-8316-4C6F-84B3-39D56291F179}.Debug|x86.Build.0 = Debug|Any CPU
		{471D783C-8316-4C6F-84B3-39D56291F179}.Internal|Any CPU.ActiveCfg = Release|Any CPU
		{471D783C-8316-4C6F-84B3-39D56291F179}.Internal|Any CPU.Build.0 = Release|Any CPU
		{471D783C-8316-4C6F-84B3-39D56291F179}.Internal|x64.ActiveCfg = Release|Any CPU
		{471D783C-8316-4C6F-84B3-39D56291F179}.Internal|x64.Build.0 = Release|Any CPU
		{471D783C-8316-4C6F-84B3-39D56291F179}.Internal|x86.ActiveCfg = Release|Any CPU
		{471D783C-8316-4C6F-84B3-39D56291F179}.Internal|x86.Build.0 = Release|Any CPU
		{471D783C-8316-4C6F-84B3-39D56291F179}.Release|Any CPU.ActiveCfg = Release|Any CPU
		{471D783C-8316-4C6F-84B3-39D56291F179}.Release|Any CPU.Build.0 = Release|Any CPU
		{471D783C-8316-4C6F-84B3-39D56291F179}.Release|x64.ActiveCfg = Release|Any CPU
		{471D783C-8316-4C6F-84B3-39D56291F179}.Release|x64.Build.0 = Release|Any CPU
		{471D783C-8316-4C6F-84B3-39D56291F179}.Release|x86.ActiveCfg = Release|Any CPU
		{471D783C-8316-4C6F-84B3-39D56291F179}.Release|x86.Build.0 = Release|Any CPU
		{A76E64D2-9054-4C89-BFB6-7409BEDFC7AD}.Debug|Any CPU.ActiveCfg = Debug|Any CPU
		{A76E64D2-9054-4C89-BFB6-7409BEDFC7AD}.Debug|Any CPU.Build.0 = Debug|Any CPU
		{A76E64D2-9054-4C89-BFB6-7409BEDFC7AD}.Debug|x64.ActiveCfg = Debug|Any CPU
		{A76E64D2-9054-4C89-BFB6-7409BEDFC7AD}.Debug|x64.Build.0 = Debug|Any CPU
		{A76E64D2-9054-4C89-BFB6-7409BEDFC7AD}.Debug|x86.ActiveCfg = Debug|Any CPU
		{A76E64D2-9054-4C89-BFB6-7409BEDFC7AD}.Debug|x86.Build.0 = Debug|Any CPU
		{A76E64D2-9054-4C89-BFB6-7409BEDFC7AD}.Internal|Any CPU.ActiveCfg = Release|Any CPU
		{A76E64D2-9054-4C89-BFB6-7409BEDFC7AD}.Internal|Any CPU.Build.0 = Release|Any CPU
		{A76E64D2-9054-4C89-BFB6-7409BEDFC7AD}.Internal|x64.ActiveCfg = Release|Any CPU
		{A76E64D2-9054-4C89-BFB6-7409BEDFC7AD}.Internal|x64.Build.0 = Release|Any CPU
		{A76E64D2-9054-4C89-BFB6-7409BEDFC7AD}.Internal|x86.ActiveCfg = Release|Any CPU
		{A76E64D2-9054-4C89-BFB6-7409BEDFC7AD}.Internal|x86.Build.0 = Release|Any CPU
		{A76E64D2-9054-4C89-BFB6-7409BEDFC7AD}.Release|Any CPU.ActiveCfg = Release|Any CPU
		{A76E64D2-9054-4C89-BFB6-7409BEDFC7AD}.Release|Any CPU.Build.0 = Release|Any CPU
		{A76E64D2-9054-4C89-BFB6-7409BEDFC7AD}.Release|x64.ActiveCfg = Release|Any CPU
		{A76E64D2-9054-4C89-BFB6-7409BEDFC7AD}.Release|x64.Build.0 = Release|Any CPU
		{A76E64D2-9054-4C89-BFB6-7409BEDFC7AD}.Release|x86.ActiveCfg = Release|Any CPU
		{A76E64D2-9054-4C89-BFB6-7409BEDFC7AD}.Release|x86.Build.0 = Release|Any CPU
		{B80D59E3-31A6-4602-89B0-0237A1F2456F}.Debug|Any CPU.ActiveCfg = Debug|Any CPU
		{B80D59E3-31A6-4602-89B0-0237A1F2456F}.Debug|Any CPU.Build.0 = Debug|Any CPU
		{B80D59E3-31A6-4602-89B0-0237A1F2456F}.Debug|x64.ActiveCfg = Debug|x64
		{B80D59E3-31A6-4602-89B0-0237A1F2456F}.Debug|x64.Build.0 = Debug|x64
		{B80D59E3-31A6-4602-89B0-0237A1F2456F}.Debug|x86.ActiveCfg = Debug|x86
		{B80D59E3-31A6-4602-89B0-0237A1F2456F}.Debug|x86.Build.0 = Debug|x86
		{B80D59E3-31A6-4602-89B0-0237A1F2456F}.Internal|Any CPU.ActiveCfg = Internal|Any CPU
		{B80D59E3-31A6-4602-89B0-0237A1F2456F}.Internal|Any CPU.Build.0 = Internal|Any CPU
		{B80D59E3-31A6-4602-89B0-0237A1F2456F}.Internal|x64.ActiveCfg = Internal|x64
		{B80D59E3-31A6-4602-89B0-0237A1F2456F}.Internal|x64.Build.0 = Internal|x64
		{B80D59E3-31A6-4602-89B0-0237A1F2456F}.Internal|x86.ActiveCfg = Internal|x86
		{B80D59E3-31A6-4602-89B0-0237A1F2456F}.Internal|x86.Build.0 = Internal|x86
		{B80D59E3-31A6-4602-89B0-0237A1F2456F}.Release|Any CPU.ActiveCfg = Release|Any CPU
		{B80D59E3-31A6-4602-89B0-0237A1F2456F}.Release|Any CPU.Build.0 = Release|Any CPU
		{B80D59E3-31A6-4602-89B0-0237A1F2456F}.Release|x64.ActiveCfg = Release|x64
		{B80D59E3-31A6-4602-89B0-0237A1F2456F}.Release|x64.Build.0 = Release|x64
		{B80D59E3-31A6-4602-89B0-0237A1F2456F}.Release|x86.ActiveCfg = Release|x86
		{B80D59E3-31A6-4602-89B0-0237A1F2456F}.Release|x86.Build.0 = Release|x86
		{7479AF82-8966-411A-A29C-134E11759809}.Debug|Any CPU.ActiveCfg = Debug|Any CPU
		{7479AF82-8966-411A-A29C-134E11759809}.Debug|Any CPU.Build.0 = Debug|Any CPU
		{7479AF82-8966-411A-A29C-134E11759809}.Debug|x64.ActiveCfg = Debug|x64
		{7479AF82-8966-411A-A29C-134E11759809}.Debug|x64.Build.0 = Debug|x64
		{7479AF82-8966-411A-A29C-134E11759809}.Debug|x86.ActiveCfg = Debug|x86
		{7479AF82-8966-411A-A29C-134E11759809}.Debug|x86.Build.0 = Debug|x86
		{7479AF82-8966-411A-A29C-134E11759809}.Internal|Any CPU.ActiveCfg = Internal|Any CPU
		{7479AF82-8966-411A-A29C-134E11759809}.Internal|Any CPU.Build.0 = Internal|Any CPU
		{7479AF82-8966-411A-A29C-134E11759809}.Internal|x64.ActiveCfg = Internal|x64
		{7479AF82-8966-411A-A29C-134E11759809}.Internal|x64.Build.0 = Internal|x64
		{7479AF82-8966-411A-A29C-134E11759809}.Internal|x86.ActiveCfg = Internal|x86
		{7479AF82-8966-411A-A29C-134E11759809}.Internal|x86.Build.0 = Internal|x86
		{7479AF82-8966-411A-A29C-134E11759809}.Release|Any CPU.ActiveCfg = Release|Any CPU
		{7479AF82-8966-411A-A29C-134E11759809}.Release|Any CPU.Build.0 = Release|Any CPU
		{7479AF82-8966-411A-A29C-134E11759809}.Release|x64.ActiveCfg = Release|x64
		{7479AF82-8966-411A-A29C-134E11759809}.Release|x64.Build.0 = Release|x64
		{7479AF82-8966-411A-A29C-134E11759809}.Release|x86.ActiveCfg = Release|x86
		{7479AF82-8966-411A-A29C-134E11759809}.Release|x86.Build.0 = Release|x86
		{0D080C5F-FE0D-4737-B346-A77D5E14192A}.Debug|Any CPU.ActiveCfg = Debug|Any CPU
		{0D080C5F-FE0D-4737-B346-A77D5E14192A}.Debug|Any CPU.Build.0 = Debug|Any CPU
		{0D080C5F-FE0D-4737-B346-A77D5E14192A}.Debug|x64.ActiveCfg = Debug|x64
		{0D080C5F-FE0D-4737-B346-A77D5E14192A}.Debug|x64.Build.0 = Debug|x64
		{0D080C5F-FE0D-4737-B346-A77D5E14192A}.Debug|x86.ActiveCfg = Debug|x86
		{0D080C5F-FE0D-4737-B346-A77D5E14192A}.Debug|x86.Build.0 = Debug|x86
		{0D080C5F-FE0D-4737-B346-A77D5E14192A}.Internal|Any CPU.ActiveCfg = Internal|Any CPU
		{0D080C5F-FE0D-4737-B346-A77D5E14192A}.Internal|Any CPU.Build.0 = Internal|Any CPU
		{0D080C5F-FE0D-4737-B346-A77D5E14192A}.Internal|x64.ActiveCfg = Internal|x64
		{0D080C5F-FE0D-4737-B346-A77D5E14192A}.Internal|x64.Build.0 = Internal|x64
		{0D080C5F-FE0D-4737-B346-A77D5E14192A}.Internal|x86.ActiveCfg = Internal|x86
		{0D080C5F-FE0D-4737-B346-A77D5E14192A}.Internal|x86.Build.0 = Internal|x86
		{0D080C5F-FE0D-4737-B346-A77D5E14192A}.Release|Any CPU.ActiveCfg = Release|Any CPU
		{0D080C5F-FE0D-4737-B346-A77D5E14192A}.Release|Any CPU.Build.0 = Release|Any CPU
		{0D080C5F-FE0D-4737-B346-A77D5E14192A}.Release|x64.ActiveCfg = Release|x64
		{0D080C5F-FE0D-4737-B346-A77D5E14192A}.Release|x64.Build.0 = Release|x64
		{0D080C5F-FE0D-4737-B346-A77D5E14192A}.Release|x86.ActiveCfg = Release|x86
		{0D080C5F-FE0D-4737-B346-A77D5E14192A}.Release|x86.Build.0 = Release|x86
		{0AB879E8-55E7-4C6F-93EF-5C9E64208EA0}.Debug|Any CPU.ActiveCfg = Debug|Any CPU
		{0AB879E8-55E7-4C6F-93EF-5C9E64208EA0}.Debug|Any CPU.Build.0 = Debug|Any CPU
		{0AB879E8-55E7-4C6F-93EF-5C9E64208EA0}.Debug|x64.ActiveCfg = Debug|Any CPU
		{0AB879E8-55E7-4C6F-93EF-5C9E64208EA0}.Debug|x64.Build.0 = Debug|Any CPU
		{0AB879E8-55E7-4C6F-93EF-5C9E64208EA0}.Debug|x86.ActiveCfg = Debug|Any CPU
		{0AB879E8-55E7-4C6F-93EF-5C9E64208EA0}.Debug|x86.Build.0 = Debug|Any CPU
		{0AB879E8-55E7-4C6F-93EF-5C9E64208EA0}.Internal|Any CPU.ActiveCfg = Release|Any CPU
		{0AB879E8-55E7-4C6F-93EF-5C9E64208EA0}.Internal|Any CPU.Build.0 = Release|Any CPU
		{0AB879E8-55E7-4C6F-93EF-5C9E64208EA0}.Internal|x64.ActiveCfg = Release|Any CPU
		{0AB879E8-55E7-4C6F-93EF-5C9E64208EA0}.Internal|x64.Build.0 = Release|Any CPU
		{0AB879E8-55E7-4C6F-93EF-5C9E64208EA0}.Internal|x86.ActiveCfg = Release|Any CPU
		{0AB879E8-55E7-4C6F-93EF-5C9E64208EA0}.Internal|x86.Build.0 = Release|Any CPU
		{0AB879E8-55E7-4C6F-93EF-5C9E64208EA0}.Release|Any CPU.ActiveCfg = Release|Any CPU
		{0AB879E8-55E7-4C6F-93EF-5C9E64208EA0}.Release|Any CPU.Build.0 = Release|Any CPU
		{0AB879E8-55E7-4C6F-93EF-5C9E64208EA0}.Release|x64.ActiveCfg = Release|Any CPU
		{0AB879E8-55E7-4C6F-93EF-5C9E64208EA0}.Release|x64.Build.0 = Release|Any CPU
		{0AB879E8-55E7-4C6F-93EF-5C9E64208EA0}.Release|x86.ActiveCfg = Release|Any CPU
		{0AB879E8-55E7-4C6F-93EF-5C9E64208EA0}.Release|x86.Build.0 = Release|Any CPU
		{CA82BA84-03A0-4940-A3C3-73CD5D176016}.Debug|Any CPU.ActiveCfg = Debug|Any CPU
		{CA82BA84-03A0-4940-A3C3-73CD5D176016}.Debug|Any CPU.Build.0 = Debug|Any CPU
		{CA82BA84-03A0-4940-A3C3-73CD5D176016}.Debug|x64.ActiveCfg = Debug|Any CPU
		{CA82BA84-03A0-4940-A3C3-73CD5D176016}.Debug|x64.Build.0 = Debug|Any CPU
		{CA82BA84-03A0-4940-A3C3-73CD5D176016}.Debug|x86.ActiveCfg = Debug|Any CPU
		{CA82BA84-03A0-4940-A3C3-73CD5D176016}.Debug|x86.Build.0 = Debug|Any CPU
		{CA82BA84-03A0-4940-A3C3-73CD5D176016}.Internal|Any CPU.ActiveCfg = Release|Any CPU
		{CA82BA84-03A0-4940-A3C3-73CD5D176016}.Internal|Any CPU.Build.0 = Release|Any CPU
		{CA82BA84-03A0-4940-A3C3-73CD5D176016}.Internal|x64.ActiveCfg = Release|Any CPU
		{CA82BA84-03A0-4940-A3C3-73CD5D176016}.Internal|x64.Build.0 = Release|Any CPU
		{CA82BA84-03A0-4940-A3C3-73CD5D176016}.Internal|x86.ActiveCfg = Release|Any CPU
		{CA82BA84-03A0-4940-A3C3-73CD5D176016}.Internal|x86.Build.0 = Release|Any CPU
		{CA82BA84-03A0-4940-A3C3-73CD5D176016}.Release|Any CPU.ActiveCfg = Release|Any CPU
		{CA82BA84-03A0-4940-A3C3-73CD5D176016}.Release|Any CPU.Build.0 = Release|Any CPU
		{CA82BA84-03A0-4940-A3C3-73CD5D176016}.Release|x64.ActiveCfg = Release|Any CPU
		{CA82BA84-03A0-4940-A3C3-73CD5D176016}.Release|x64.Build.0 = Release|Any CPU
		{CA82BA84-03A0-4940-A3C3-73CD5D176016}.Release|x86.ActiveCfg = Release|Any CPU
		{CA82BA84-03A0-4940-A3C3-73CD5D176016}.Release|x86.Build.0 = Release|Any CPU
		{E0525B22-E763-4FBA-90C9-352849F87975}.Debug|Any CPU.ActiveCfg = Debug|Any CPU
		{E0525B22-E763-4FBA-90C9-352849F87975}.Debug|Any CPU.Build.0 = Debug|Any CPU
		{E0525B22-E763-4FBA-90C9-352849F87975}.Debug|x64.ActiveCfg = Debug|Any CPU
		{E0525B22-E763-4FBA-90C9-352849F87975}.Debug|x64.Build.0 = Debug|Any CPU
		{E0525B22-E763-4FBA-90C9-352849F87975}.Debug|x86.ActiveCfg = Debug|Any CPU
		{E0525B22-E763-4FBA-90C9-352849F87975}.Debug|x86.Build.0 = Debug|Any CPU
		{E0525B22-E763-4FBA-90C9-352849F87975}.Internal|Any CPU.ActiveCfg = Release|Any CPU
		{E0525B22-E763-4FBA-90C9-352849F87975}.Internal|Any CPU.Build.0 = Release|Any CPU
		{E0525B22-E763-4FBA-90C9-352849F87975}.Internal|x64.ActiveCfg = Release|Any CPU
		{E0525B22-E763-4FBA-90C9-352849F87975}.Internal|x64.Build.0 = Release|Any CPU
		{E0525B22-E763-4FBA-90C9-352849F87975}.Internal|x86.ActiveCfg = Release|Any CPU
		{E0525B22-E763-4FBA-90C9-352849F87975}.Internal|x86.Build.0 = Release|Any CPU
		{E0525B22-E763-4FBA-90C9-352849F87975}.Release|Any CPU.ActiveCfg = Release|Any CPU
		{E0525B22-E763-4FBA-90C9-352849F87975}.Release|Any CPU.Build.0 = Release|Any CPU
		{E0525B22-E763-4FBA-90C9-352849F87975}.Release|x64.ActiveCfg = Release|Any CPU
		{E0525B22-E763-4FBA-90C9-352849F87975}.Release|x64.Build.0 = Release|Any CPU
		{E0525B22-E763-4FBA-90C9-352849F87975}.Release|x86.ActiveCfg = Release|Any CPU
		{E0525B22-E763-4FBA-90C9-352849F87975}.Release|x86.Build.0 = Release|Any CPU
		{D444AA66-92BB-4D39-BCA2-B279D70397FB}.Debug|Any CPU.ActiveCfg = Debug|Any CPU
		{D444AA66-92BB-4D39-BCA2-B279D70397FB}.Debug|Any CPU.Build.0 = Debug|Any CPU
		{D444AA66-92BB-4D39-BCA2-B279D70397FB}.Debug|x64.ActiveCfg = Debug|Any CPU
		{D444AA66-92BB-4D39-BCA2-B279D70397FB}.Debug|x64.Build.0 = Debug|Any CPU
		{D444AA66-92BB-4D39-BCA2-B279D70397FB}.Debug|x86.ActiveCfg = Debug|Any CPU
		{D444AA66-92BB-4D39-BCA2-B279D70397FB}.Debug|x86.Build.0 = Debug|Any CPU
		{D444AA66-92BB-4D39-BCA2-B279D70397FB}.Internal|Any CPU.ActiveCfg = Release|Any CPU
		{D444AA66-92BB-4D39-BCA2-B279D70397FB}.Internal|Any CPU.Build.0 = Release|Any CPU
		{D444AA66-92BB-4D39-BCA2-B279D70397FB}.Internal|x64.ActiveCfg = Release|Any CPU
		{D444AA66-92BB-4D39-BCA2-B279D70397FB}.Internal|x64.Build.0 = Release|Any CPU
		{D444AA66-92BB-4D39-BCA2-B279D70397FB}.Internal|x86.ActiveCfg = Release|Any CPU
		{D444AA66-92BB-4D39-BCA2-B279D70397FB}.Internal|x86.Build.0 = Release|Any CPU
		{D444AA66-92BB-4D39-BCA2-B279D70397FB}.Release|Any CPU.ActiveCfg = Release|Any CPU
		{D444AA66-92BB-4D39-BCA2-B279D70397FB}.Release|Any CPU.Build.0 = Release|Any CPU
		{D444AA66-92BB-4D39-BCA2-B279D70397FB}.Release|x64.ActiveCfg = Release|Any CPU
		{D444AA66-92BB-4D39-BCA2-B279D70397FB}.Release|x64.Build.0 = Release|Any CPU
		{D444AA66-92BB-4D39-BCA2-B279D70397FB}.Release|x86.ActiveCfg = Release|Any CPU
		{D444AA66-92BB-4D39-BCA2-B279D70397FB}.Release|x86.Build.0 = Release|Any CPU
		{C2DC997E-F332-412F-A28B-CCFC8ABD2E1D}.Debug|Any CPU.ActiveCfg = Debug|Any CPU
		{C2DC997E-F332-412F-A28B-CCFC8ABD2E1D}.Debug|Any CPU.Build.0 = Debug|Any CPU
		{C2DC997E-F332-412F-A28B-CCFC8ABD2E1D}.Debug|x64.ActiveCfg = Debug|Any CPU
		{C2DC997E-F332-412F-A28B-CCFC8ABD2E1D}.Debug|x64.Build.0 = Debug|Any CPU
		{C2DC997E-F332-412F-A28B-CCFC8ABD2E1D}.Debug|x86.ActiveCfg = Debug|Any CPU
		{C2DC997E-F332-412F-A28B-CCFC8ABD2E1D}.Debug|x86.Build.0 = Debug|Any CPU
		{C2DC997E-F332-412F-A28B-CCFC8ABD2E1D}.Internal|Any CPU.ActiveCfg = Release|Any CPU
		{C2DC997E-F332-412F-A28B-CCFC8ABD2E1D}.Internal|Any CPU.Build.0 = Release|Any CPU
		{C2DC997E-F332-412F-A28B-CCFC8ABD2E1D}.Internal|x64.ActiveCfg = Release|Any CPU
		{C2DC997E-F332-412F-A28B-CCFC8ABD2E1D}.Internal|x64.Build.0 = Release|Any CPU
		{C2DC997E-F332-412F-A28B-CCFC8ABD2E1D}.Internal|x86.ActiveCfg = Release|Any CPU
		{C2DC997E-F332-412F-A28B-CCFC8ABD2E1D}.Internal|x86.Build.0 = Release|Any CPU
		{C2DC997E-F332-412F-A28B-CCFC8ABD2E1D}.Release|Any CPU.ActiveCfg = Release|Any CPU
		{C2DC997E-F332-412F-A28B-CCFC8ABD2E1D}.Release|Any CPU.Build.0 = Release|Any CPU
		{C2DC997E-F332-412F-A28B-CCFC8ABD2E1D}.Release|x64.ActiveCfg = Release|Any CPU
		{C2DC997E-F332-412F-A28B-CCFC8ABD2E1D}.Release|x64.Build.0 = Release|Any CPU
		{C2DC997E-F332-412F-A28B-CCFC8ABD2E1D}.Release|x86.ActiveCfg = Release|Any CPU
		{C2DC997E-F332-412F-A28B-CCFC8ABD2E1D}.Release|x86.Build.0 = Release|Any CPU
		{5B1BE4BD-1D2B-4607-A675-8768994DC9FB}.Debug|Any CPU.ActiveCfg = Debug|Any CPU
		{5B1BE4BD-1D2B-4607-A675-8768994DC9FB}.Debug|Any CPU.Build.0 = Debug|Any CPU
		{5B1BE4BD-1D2B-4607-A675-8768994DC9FB}.Debug|x64.ActiveCfg = Debug|Any CPU
		{5B1BE4BD-1D2B-4607-A675-8768994DC9FB}.Debug|x64.Build.0 = Debug|Any CPU
		{5B1BE4BD-1D2B-4607-A675-8768994DC9FB}.Debug|x86.ActiveCfg = Debug|Any CPU
		{5B1BE4BD-1D2B-4607-A675-8768994DC9FB}.Debug|x86.Build.0 = Debug|Any CPU
		{5B1BE4BD-1D2B-4607-A675-8768994DC9FB}.Internal|Any CPU.ActiveCfg = Release|Any CPU
		{5B1BE4BD-1D2B-4607-A675-8768994DC9FB}.Internal|Any CPU.Build.0 = Release|Any CPU
		{5B1BE4BD-1D2B-4607-A675-8768994DC9FB}.Internal|x64.ActiveCfg = Release|Any CPU
		{5B1BE4BD-1D2B-4607-A675-8768994DC9FB}.Internal|x64.Build.0 = Release|Any CPU
		{5B1BE4BD-1D2B-4607-A675-8768994DC9FB}.Internal|x86.ActiveCfg = Release|Any CPU
		{5B1BE4BD-1D2B-4607-A675-8768994DC9FB}.Internal|x86.Build.0 = Release|Any CPU
		{5B1BE4BD-1D2B-4607-A675-8768994DC9FB}.Release|Any CPU.ActiveCfg = Release|Any CPU
		{5B1BE4BD-1D2B-4607-A675-8768994DC9FB}.Release|Any CPU.Build.0 = Release|Any CPU
		{5B1BE4BD-1D2B-4607-A675-8768994DC9FB}.Release|x64.ActiveCfg = Release|Any CPU
		{5B1BE4BD-1D2B-4607-A675-8768994DC9FB}.Release|x64.Build.0 = Release|Any CPU
		{5B1BE4BD-1D2B-4607-A675-8768994DC9FB}.Release|x86.ActiveCfg = Release|Any CPU
		{5B1BE4BD-1D2B-4607-A675-8768994DC9FB}.Release|x86.Build.0 = Release|Any CPU
		{95A2C4A3-932C-47C1-855E-BE0D48752372}.Debug|Any CPU.ActiveCfg = Debug|Any CPU
		{95A2C4A3-932C-47C1-855E-BE0D48752372}.Debug|Any CPU.Build.0 = Debug|Any CPU
		{95A2C4A3-932C-47C1-855E-BE0D48752372}.Debug|x64.ActiveCfg = Debug|Any CPU
		{95A2C4A3-932C-47C1-855E-BE0D48752372}.Debug|x64.Build.0 = Debug|Any CPU
		{95A2C4A3-932C-47C1-855E-BE0D48752372}.Debug|x86.ActiveCfg = Debug|Any CPU
		{95A2C4A3-932C-47C1-855E-BE0D48752372}.Debug|x86.Build.0 = Debug|Any CPU
		{95A2C4A3-932C-47C1-855E-BE0D48752372}.Internal|Any CPU.ActiveCfg = Release|Any CPU
		{95A2C4A3-932C-47C1-855E-BE0D48752372}.Internal|Any CPU.Build.0 = Release|Any CPU
		{95A2C4A3-932C-47C1-855E-BE0D48752372}.Internal|x64.ActiveCfg = Release|Any CPU
		{95A2C4A3-932C-47C1-855E-BE0D48752372}.Internal|x64.Build.0 = Release|Any CPU
		{95A2C4A3-932C-47C1-855E-BE0D48752372}.Internal|x86.ActiveCfg = Release|Any CPU
		{95A2C4A3-932C-47C1-855E-BE0D48752372}.Internal|x86.Build.0 = Release|Any CPU
		{95A2C4A3-932C-47C1-855E-BE0D48752372}.Release|Any CPU.ActiveCfg = Release|Any CPU
		{95A2C4A3-932C-47C1-855E-BE0D48752372}.Release|Any CPU.Build.0 = Release|Any CPU
		{95A2C4A3-932C-47C1-855E-BE0D48752372}.Release|x64.ActiveCfg = Release|Any CPU
		{95A2C4A3-932C-47C1-855E-BE0D48752372}.Release|x64.Build.0 = Release|Any CPU
		{95A2C4A3-932C-47C1-855E-BE0D48752372}.Release|x86.ActiveCfg = Release|Any CPU
		{95A2C4A3-932C-47C1-855E-BE0D48752372}.Release|x86.Build.0 = Release|Any CPU
	EndGlobalSection
	GlobalSection(SolutionProperties) = preSolution
		HideSolutionNode = FALSE
	EndGlobalSection
	GlobalSection(NestedProjects) = preSolution
		{471D783C-8316-4C6F-84B3-39D56291F179} = {B6801371-EE79-4B87-92D1-530649514B35}
		{A76E64D2-9054-4C89-BFB6-7409BEDFC7AD} = {B6801371-EE79-4B87-92D1-530649514B35}
		{B80D59E3-31A6-4602-89B0-0237A1F2456F} = {D17E2CC3-8E2C-452F-8F6B-EF9499D56DD5}
		{7479AF82-8966-411A-A29C-134E11759809} = {D17E2CC3-8E2C-452F-8F6B-EF9499D56DD5}
		{0D080C5F-FE0D-4737-B346-A77D5E14192A} = {D17E2CC3-8E2C-452F-8F6B-EF9499D56DD5}
		{0AB879E8-55E7-4C6F-93EF-5C9E64208EA0} = {B6801371-EE79-4B87-92D1-530649514B35}
		{CA82BA84-03A0-4940-A3C3-73CD5D176016} = {B6801371-EE79-4B87-92D1-530649514B35}
		{E0525B22-E763-4FBA-90C9-352849F87975} = {B6801371-EE79-4B87-92D1-530649514B35}
		{D444AA66-92BB-4D39-BCA2-B279D70397FB} = {B6801371-EE79-4B87-92D1-530649514B35}
		{C2DC997E-F332-412F-A28B-CCFC8ABD2E1D} = {B6801371-EE79-4B87-92D1-530649514B35}
		{5B1BE4BD-1D2B-4607-A675-8768994DC9FB} = {B6801371-EE79-4B87-92D1-530649514B35}
		{95A2C4A3-932C-47C1-855E-BE0D48752372} = {B6801371-EE79-4B87-92D1-530649514B35}
	EndGlobalSection
	GlobalSection(ExtensibilityGlobals) = postSolution
		SolutionGuid = {BD61D386-2044-445C-B069-BA434937BD3F}
	EndGlobalSection
EndGlobal
